// !$*UTF8*$!
{
	archiveVersion = 1;
	classes = {
	};
	objectVersion = 50;
	objects = {

/* Begin PBXBuildFile section */
		9A3FEFB022B3C81B008D9D0F /* AppDelegate.swift in Sources */ = {isa = PBXBuildFile; fileRef = 9A3FEFAF22B3C81B008D9D0F /* AppDelegate.swift */; };
		9A3FEFB222B3C81B008D9D0F /* ViewController.swift in Sources */ = {isa = PBXBuildFile; fileRef = 9A3FEFB122B3C81B008D9D0F /* ViewController.swift */; };
		9A3FEFB522B3C81B008D9D0F /* Main.storyboard in Resources */ = {isa = PBXBuildFile; fileRef = 9A3FEFB322B3C81B008D9D0F /* Main.storyboard */; };
		9A3FEFB822B3C81B008D9D0F /* FultureFit.xcdatamodeld in Sources */ = {isa = PBXBuildFile; fileRef = 9A3FEFB622B3C81B008D9D0F /* FultureFit.xcdatamodeld */; };
		9A3FEFBA22B3C81C008D9D0F /* Assets.xcassets in Resources */ = {isa = PBXBuildFile; fileRef = 9A3FEFB922B3C81C008D9D0F /* Assets.xcassets */; };
		9A3FEFBD22B3C81C008D9D0F /* LaunchScreen.storyboard in Resources */ = {isa = PBXBuildFile; fileRef = 9A3FEFBB22B3C81C008D9D0F /* LaunchScreen.storyboard */; };
		9A3FEFC822B3C81C008D9D0F /* FultureFitTests.swift in Sources */ = {isa = PBXBuildFile; fileRef = 9A3FEFC722B3C81C008D9D0F /* FultureFitTests.swift */; };
		9A3FEFD322B3C81C008D9D0F /* FultureFitUITests.swift in Sources */ = {isa = PBXBuildFile; fileRef = 9A3FEFD222B3C81C008D9D0F /* FultureFitUITests.swift */; };
/* End PBXBuildFile section */

/* Begin PBXContainerItemProxy section */
		9A3FEFC422B3C81C008D9D0F /* PBXContainerItemProxy */ = {
			isa = PBXContainerItemProxy;
			containerPortal = 9A3FEFA422B3C81B008D9D0F /* Project object */;
			proxyType = 1;
			remoteGlobalIDString = 9A3FEFAB22B3C81B008D9D0F;
			remoteInfo = FultureFit;
		};
		9A3FEFCF22B3C81C008D9D0F /* PBXContainerItemProxy */ = {
			isa = PBXContainerItemProxy;
			containerPortal = 9A3FEFA422B3C81B008D9D0F /* Project object */;
			proxyType = 1;
			remoteGlobalIDString = 9A3FEFAB22B3C81B008D9D0F;
			remoteInfo = FultureFit;
		};
/* End PBXContainerItemProxy section */

/* Begin PBXFileReference section */
		9A3FEFAC22B3C81B008D9D0F /* FultureFit.app */ = {isa = PBXFileReference; explicitFileType = wrapper.application; includeInIndex = 0; path = FultureFit.app; sourceTree = BUILT_PRODUCTS_DIR; };
		9A3FEFAF22B3C81B008D9D0F /* AppDelegate.swift */ = {isa = PBXFileReference; lastKnownFileType = sourcecode.swift; path = AppDelegate.swift; sourceTree = "<group>"; };
		9A3FEFB122B3C81B008D9D0F /* ViewController.swift */ = {isa = PBXFileReference; lastKnownFileType = sourcecode.swift; path = ViewController.swift; sourceTree = "<group>"; };
		9A3FEFB422B3C81B008D9D0F /* Base */ = {isa = PBXFileReference; lastKnownFileType = file.storyboard; name = Base; path = Base.lproj/Main.storyboard; sourceTree = "<group>"; };
		9A3FEFB722B3C81B008D9D0F /* FultureFit.xcdatamodel */ = {isa = PBXFileReference; lastKnownFileType = wrapper.xcdatamodel; path = FultureFit.xcdatamodel; sourceTree = "<group>"; };
		9A3FEFB922B3C81C008D9D0F /* Assets.xcassets */ = {isa = PBXFileReference; lastKnownFileType = folder.assetcatalog; path = Assets.xcassets; sourceTree = "<group>"; };
		9A3FEFBC22B3C81C008D9D0F /* Base */ = {isa = PBXFileReference; lastKnownFileType = file.storyboard; name = Base; path = Base.lproj/LaunchScreen.storyboard; sourceTree = "<group>"; };
		9A3FEFBE22B3C81C008D9D0F /* Info.plist */ = {isa = PBXFileReference; lastKnownFileType = text.plist.xml; path = Info.plist; sourceTree = "<group>"; };
		9A3FEFC322B3C81C008D9D0F /* FultureFitTests.xctest */ = {isa = PBXFileReference; explicitFileType = wrapper.cfbundle; includeInIndex = 0; path = FultureFitTests.xctest; sourceTree = BUILT_PRODUCTS_DIR; };
		9A3FEFC722B3C81C008D9D0F /* FultureFitTests.swift */ = {isa = PBXFileReference; lastKnownFileType = sourcecode.swift; path = FultureFitTests.swift; sourceTree = "<group>"; };
		9A3FEFC922B3C81C008D9D0F /* Info.plist */ = {isa = PBXFileReference; lastKnownFileType = text.plist.xml; path = Info.plist; sourceTree = "<group>"; };
		9A3FEFCE22B3C81C008D9D0F /* FultureFitUITests.xctest */ = {isa = PBXFileReference; explicitFileType = wrapper.cfbundle; includeInIndex = 0; path = FultureFitUITests.xctest; sourceTree = BUILT_PRODUCTS_DIR; };
		9A3FEFD222B3C81C008D9D0F /* FultureFitUITests.swift */ = {isa = PBXFileReference; lastKnownFileType = sourcecode.swift; path = FultureFitUITests.swift; sourceTree = "<group>"; };
		9A3FEFD422B3C81C008D9D0F /* Info.plist */ = {isa = PBXFileReference; lastKnownFileType = text.plist.xml; path = Info.plist; sourceTree = "<group>"; };
/* End PBXFileReference section */

/* Begin PBXFrameworksBuildPhase section */
		9A3FEFA922B3C81B008D9D0F /* Frameworks */ = {
			isa = PBXFrameworksBuildPhase;
			buildActionMask = 2147483647;
			files = (
			);
			runOnlyForDeploymentPostprocessing = 0;
		};
		9A3FEFC022B3C81C008D9D0F /* Frameworks */ = {
			isa = PBXFrameworksBuildPhase;
			buildActionMask = 2147483647;
			files = (
			);
			runOnlyForDeploymentPostprocessing = 0;
		};
		9A3FEFCB22B3C81C008D9D0F /* Frameworks */ = {
			isa = PBXFrameworksBuildPhase;
			buildActionMask = 2147483647;
			files = (
			);
			runOnlyForDeploymentPostprocessing = 0;
		};
/* End PBXFrameworksBuildPhase section */

/* Begin PBXGroup section */
		9A3FEFA322B3C81B008D9D0F = {
			isa = PBXGroup;
			children = (
				9A3FEFAE22B3C81B008D9D0F /* FultureFit */,
				9A3FEFC622B3C81C008D9D0F /* FultureFitTests */,
				9A3FEFD122B3C81C008D9D0F /* FultureFitUITests */,
				9A3FEFAD22B3C81B008D9D0F /* Products */,
			);
			sourceTree = "<group>";
		};
		9A3FEFAD22B3C81B008D9D0F /* Products */ = {
			isa = PBXGroup;
			children = (
				9A3FEFAC22B3C81B008D9D0F /* FultureFit.app */,
				9A3FEFC322B3C81C008D9D0F /* FultureFitTests.xctest */,
				9A3FEFCE22B3C81C008D9D0F /* FultureFitUITests.xctest */,
			);
			name = Products;
			sourceTree = "<group>";
		};
		9A3FEFAE22B3C81B008D9D0F /* FultureFit */ = {
			isa = PBXGroup;
			children = (
				9A3FEFAF22B3C81B008D9D0F /* AppDelegate.swift */,
				9A3FEFB122B3C81B008D9D0F /* ViewController.swift */,
				9A3FEFB322B3C81B008D9D0F /* Main.storyboard */,
				9A3FEFB922B3C81C008D9D0F /* Assets.xcassets */,
				9A3FEFBB22B3C81C008D9D0F /* LaunchScreen.storyboard */,
				9A3FEFBE22B3C81C008D9D0F /* Info.plist */,
				9A3FEFB622B3C81B008D9D0F /* FultureFit.xcdatamodeld */,
			);
			path = FultureFit;
			sourceTree = "<group>";
		};
		9A3FEFC622B3C81C008D9D0F /* FultureFitTests */ = {
			isa = PBXGroup;
			children = (
				9A3FEFC722B3C81C008D9D0F /* FultureFitTests.swift */,
				9A3FEFC922B3C81C008D9D0F /* Info.plist */,
			);
			path = FultureFitTests;
			sourceTree = "<group>";
		};
		9A3FEFD122B3C81C008D9D0F /* FultureFitUITests */ = {
			isa = PBXGroup;
			children = (
				9A3FEFD222B3C81C008D9D0F /* FultureFitUITests.swift */,
				9A3FEFD422B3C81C008D9D0F /* Info.plist */,
			);
			path = FultureFitUITests;
			sourceTree = "<group>";
		};
/* End PBXGroup section */

/* Begin PBXNativeTarget section */
		9A3FEFAB22B3C81B008D9D0F /* FultureFit */ = {
			isa = PBXNativeTarget;
			buildConfigurationList = 9A3FEFD722B3C81C008D9D0F /* Build configuration list for PBXNativeTarget "FultureFit" */;
			buildPhases = (
				9A3FEFA822B3C81B008D9D0F /* Sources */,
				9A3FEFA922B3C81B008D9D0F /* Frameworks */,
				9A3FEFAA22B3C81B008D9D0F /* Resources */,
			);
			buildRules = (
			);
			dependencies = (
			);
			name = FultureFit;
			productName = FultureFit;
			productReference = 9A3FEFAC22B3C81B008D9D0F /* FultureFit.app */;
			productType = "com.apple.product-type.application";
		};
		9A3FEFC222B3C81C008D9D0F /* FultureFitTests */ = {
			isa = PBXNativeTarget;
			buildConfigurationList = 9A3FEFDA22B3C81C008D9D0F /* Build configuration list for PBXNativeTarget "FultureFitTests" */;
			buildPhases = (
				9A3FEFBF22B3C81C008D9D0F /* Sources */,
				9A3FEFC022B3C81C008D9D0F /* Frameworks */,
				9A3FEFC122B3C81C008D9D0F /* Resources */,
			);
			buildRules = (
			);
			dependencies = (
				9A3FEFC522B3C81C008D9D0F /* PBXTargetDependency */,
			);
			name = FultureFitTests;
			productName = FultureFitTests;
			productReference = 9A3FEFC322B3C81C008D9D0F /* FultureFitTests.xctest */;
			productType = "com.apple.product-type.bundle.unit-test";
		};
		9A3FEFCD22B3C81C008D9D0F /* FultureFitUITests */ = {
			isa = PBXNativeTarget;
			buildConfigurationList = 9A3FEFDD22B3C81C008D9D0F /* Build configuration list for PBXNativeTarget "FultureFitUITests" */;
			buildPhases = (
				9A3FEFCA22B3C81C008D9D0F /* Sources */,
				9A3FEFCB22B3C81C008D9D0F /* Frameworks */,
				9A3FEFCC22B3C81C008D9D0F /* Resources */,
			);
			buildRules = (
			);
			dependencies = (
				9A3FEFD022B3C81C008D9D0F /* PBXTargetDependency */,
			);
			name = FultureFitUITests;
			productName = FultureFitUITests;
			productReference = 9A3FEFCE22B3C81C008D9D0F /* FultureFitUITests.xctest */;
			productType = "com.apple.product-type.bundle.ui-testing";
		};
/* End PBXNativeTarget section */

/* Begin PBXProject section */
		9A3FEFA422B3C81B008D9D0F /* Project object */ = {
			isa = PBXProject;
			attributes = {
				LastSwiftUpdateCheck = 1020;
				LastUpgradeCheck = 1020;
				ORGANIZATIONNAME = "PDP-ACC";
				TargetAttributes = {
					9A3FEFAB22B3C81B008D9D0F = {
						CreatedOnToolsVersion = 10.2.1;
					};
					9A3FEFC222B3C81C008D9D0F = {
						CreatedOnToolsVersion = 10.2.1;
						TestTargetID = 9A3FEFAB22B3C81B008D9D0F;
					};
					9A3FEFCD22B3C81C008D9D0F = {
						CreatedOnToolsVersion = 10.2.1;
						TestTargetID = 9A3FEFAB22B3C81B008D9D0F;
					};
				};
			};
			buildConfigurationList = 9A3FEFA722B3C81B008D9D0F /* Build configuration list for PBXProject "FultureFit" */;
			compatibilityVersion = "Xcode 9.3";
			developmentRegion = en;
			hasScannedForEncodings = 0;
			knownRegions = (
				en,
				Base,
			);
			mainGroup = 9A3FEFA322B3C81B008D9D0F;
			productRefGroup = 9A3FEFAD22B3C81B008D9D0F /* Products */;
			projectDirPath = "";
			projectRoot = "";
			targets = (
				9A3FEFAB22B3C81B008D9D0F /* FultureFit */,
				9A3FEFC222B3C81C008D9D0F /* FultureFitTests */,
				9A3FEFCD22B3C81C008D9D0F /* FultureFitUITests */,
			);
		};
/* End PBXProject section */

/* Begin PBXResourcesBuildPhase section */
		9A3FEFAA22B3C81B008D9D0F /* Resources */ = {
			isa = PBXResourcesBuildPhase;
			buildActionMask = 2147483647;
			files = (
				9A3FEFBD22B3C81C008D9D0F /* LaunchScreen.storyboard in Resources */,
				9A3FEFBA22B3C81C008D9D0F /* Assets.xcassets in Resources */,
				9A3FEFB522B3C81B008D9D0F /* Main.storyboard in Resources */,
			);
			runOnlyForDeploymentPostprocessing = 0;
		};
		9A3FEFC122B3C81C008D9D0F /* Resources */ = {
			isa = PBXResourcesBuildPhase;
			buildActionMask = 2147483647;
			files = (
			);
			runOnlyForDeploymentPostprocessing = 0;
		};
		9A3FEFCC22B3C81C008D9D0F /* Resources */ = {
			isa = PBXResourcesBuildPhase;
			buildActionMask = 2147483647;
			files = (
			);
			runOnlyForDeploymentPostprocessing = 0;
		};
/* End PBXResourcesBuildPhase section */

/* Begin PBXSourcesBuildPhase section */
		9A3FEFA822B3C81B008D9D0F /* Sources */ = {
			isa = PBXSourcesBuildPhase;
			buildActionMask = 2147483647;
			files = (
				9A3FEFB222B3C81B008D9D0F /* ViewController.swift in Sources */,
				9A3FEFB822B3C81B008D9D0F /* FultureFit.xcdatamodeld in Sources */,
				9A3FEFB022B3C81B008D9D0F /* AppDelegate.swift in Sources */,
			);
			runOnlyForDeploymentPostprocessing = 0;
		};
		9A3FEFBF22B3C81C008D9D0F /* Sources */ = {
			isa = PBXSourcesBuildPhase;
			buildActionMask = 2147483647;
			files = (
				9A3FEFC822B3C81C008D9D0F /* FultureFitTests.swift in Sources */,
			);
			runOnlyForDeploymentPostprocessing = 0;
		};
		9A3FEFCA22B3C81C008D9D0F /* Sources */ = {
			isa = PBXSourcesBuildPhase;
			buildActionMask = 2147483647;
			files = (
				9A3FEFD322B3C81C008D9D0F /* FultureFitUITests.swift in Sources */,
			);
			runOnlyForDeploymentPostprocessing = 0;
		};
/* End PBXSourcesBuildPhase section */

/* Begin PBXTargetDependency section */
		9A3FEFC522B3C81C008D9D0F /* PBXTargetDependency */ = {
			isa = PBXTargetDependency;
			target = 9A3FEFAB22B3C81B008D9D0F /* FultureFit */;
			targetProxy = 9A3FEFC422B3C81C008D9D0F /* PBXContainerItemProxy */;
		};
		9A3FEFD022B3C81C008D9D0F /* PBXTargetDependency */ = {
			isa = PBXTargetDependency;
			target = 9A3FEFAB22B3C81B008D9D0F /* FultureFit */;
			targetProxy = 9A3FEFCF22B3C81C008D9D0F /* PBXContainerItemProxy */;
		};
/* End PBXTargetDependency section */

/* Begin PBXVariantGroup section */
		9A3FEFB322B3C81B008D9D0F /* Main.storyboard */ = {
			isa = PBXVariantGroup;
			children = (
				9A3FEFB422B3C81B008D9D0F /* Base */,
			);
			name = Main.storyboard;
			sourceTree = "<group>";
		};
		9A3FEFBB22B3C81C008D9D0F /* LaunchScreen.storyboard */ = {
			isa = PBXVariantGroup;
			children = (
				9A3FEFBC22B3C81C008D9D0F /* Base */,
			);
			name = LaunchScreen.storyboard;
			sourceTree = "<group>";
		};
/* End PBXVariantGroup section */

/* Begin XCBuildConfiguration section */
		9A3FEFD522B3C81C008D9D0F /* Debug */ = {
			isa = XCBuildConfiguration;
			buildSettings = {
				ALWAYS_SEARCH_USER_PATHS = NO;
				CLANG_ANALYZER_NONNULL = YES;
				CLANG_ANALYZER_NUMBER_OBJECT_CONVERSION = YES_AGGRESSIVE;
				CLANG_CXX_LANGUAGE_STANDARD = "gnu++14";
				CLANG_CXX_LIBRARY = "libc++";
				CLANG_ENABLE_MODULES = YES;
				CLANG_ENABLE_OBJC_ARC = YES;
				CLANG_ENABLE_OBJC_WEAK = YES;
				CLANG_WARN_BLOCK_CAPTURE_AUTORELEASING = YES;
				CLANG_WARN_BOOL_CONVERSION = YES;
				CLANG_WARN_COMMA = YES;
				CLANG_WARN_CONSTANT_CONVERSION = YES;
				CLANG_WARN_DEPRECATED_OBJC_IMPLEMENTATIONS = YES;
				CLANG_WARN_DIRECT_OBJC_ISA_USAGE = YES_ERROR;
				CLANG_WARN_DOCUMENTATION_COMMENTS = YES;
				CLANG_WARN_EMPTY_BODY = YES;
				CLANG_WARN_ENUM_CONVERSION = YES;
				CLANG_WARN_INFINITE_RECURSION = YES;
				CLANG_WARN_INT_CONVERSION = YES;
				CLANG_WARN_NON_LITERAL_NULL_CONVERSION = YES;
				CLANG_WARN_OBJC_IMPLICIT_RETAIN_SELF = YES;
				CLANG_WARN_OBJC_LITERAL_CONVERSION = YES;
				CLANG_WARN_OBJC_ROOT_CLASS = YES_ERROR;
				CLANG_WARN_RANGE_LOOP_ANALYSIS = YES;
				CLANG_WARN_STRICT_PROTOTYPES = YES;
				CLANG_WARN_SUSPICIOUS_MOVE = YES;
				CLANG_WARN_UNGUARDED_AVAILABILITY = YES_AGGRESSIVE;
				CLANG_WARN_UNREACHABLE_CODE = YES;
				CLANG_WARN__DUPLICATE_METHOD_MATCH = YES;
				CODE_SIGN_IDENTITY = "iPhone Developer";
				COPY_PHASE_STRIP = NO;
				DEBUG_INFORMATION_FORMAT = dwarf;
				ENABLE_STRICT_OBJC_MSGSEND = YES;
				ENABLE_TESTABILITY = YES;
				GCC_C_LANGUAGE_STANDARD = gnu11;
				GCC_DYNAMIC_NO_PIC = NO;
				GCC_NO_COMMON_BLOCKS = YES;
				GCC_OPTIMIZATION_LEVEL = 0;
				GCC_PREPROCESSOR_DEFINITIONS = (
					"DEBUG=1",
					"$(inherited)",
				);
				GCC_WARN_64_TO_32_BIT_CONVERSION = YES;
				GCC_WARN_ABOUT_RETURN_TYPE = YES_ERROR;
				GCC_WARN_UNDECLARED_SELECTOR = YES;
				GCC_WARN_UNINITIALIZED_AUTOS = YES_AGGRESSIVE;
				GCC_WARN_UNUSED_FUNCTION = YES;
				GCC_WARN_UNUSED_VARIABLE = YES;
				IPHONEOS_DEPLOYMENT_TARGET = 12.2;
				MTL_ENABLE_DEBUG_INFO = INCLUDE_SOURCE;
				MTL_FAST_MATH = YES;
				ONLY_ACTIVE_ARCH = YES;
				SDKROOT = iphoneos;
				SWIFT_ACTIVE_COMPILATION_CONDITIONS = DEBUG;
				SWIFT_OPTIMIZATION_LEVEL = "-Onone";
			};
			name = Debug;
		};
		9A3FEFD622B3C81C008D9D0F /* Release */ = {
			isa = XCBuildConfiguration;
			buildSettings = {
				ALWAYS_SEARCH_USER_PATHS = NO;
				CLANG_ANALYZER_NONNULL = YES;
				CLANG_ANALYZER_NUMBER_OBJECT_CONVERSION = YES_AGGRESSIVE;
				CLANG_CXX_LANGUAGE_STANDARD = "gnu++14";
				CLANG_CXX_LIBRARY = "libc++";
				CLANG_ENABLE_MODULES = YES;
				CLANG_ENABLE_OBJC_ARC = YES;
				CLANG_ENABLE_OBJC_WEAK = YES;
				CLANG_WARN_BLOCK_CAPTURE_AUTORELEASING = YES;
				CLANG_WARN_BOOL_CONVERSION = YES;
				CLANG_WARN_COMMA = YES;
				CLANG_WARN_CONSTANT_CONVERSION = YES;
				CLANG_WARN_DEPRECATED_OBJC_IMPLEMENTATIONS = YES;
				CLANG_WARN_DIRECT_OBJC_ISA_USAGE = YES_ERROR;
				CLANG_WARN_DOCUMENTATION_COMMENTS = YES;
				CLANG_WARN_EMPTY_BODY = YES;
				CLANG_WARN_ENUM_CONVERSION = YES;
				CLANG_WARN_INFINITE_RECURSION = YES;
				CLANG_WARN_INT_CONVERSION = YES;
				CLANG_WARN_NON_LITERAL_NULL_CONVERSION = YES;
				CLANG_WARN_OBJC_IMPLICIT_RETAIN_SELF = YES;
				CLANG_WARN_OBJC_LITERAL_CONVERSION = YES;
				CLANG_WARN_OBJC_ROOT_CLASS = YES_ERROR;
				CLANG_WARN_RANGE_LOOP_ANALYSIS = YES;
				CLANG_WARN_STRICT_PROTOTYPES = YES;
				CLANG_WARN_SUSPICIOUS_MOVE = YES;
				CLANG_WARN_UNGUARDED_AVAILABILITY = YES_AGGRESSIVE;
				CLANG_WARN_UNREACHABLE_CODE = YES;
				CLANG_WARN__DUPLICATE_METHOD_MATCH = YES;
				CODE_SIGN_IDENTITY = "iPhone Developer";
				COPY_PHASE_STRIP = NO;
				DEBUG_INFORMATION_FORMAT = "dwarf-with-dsym";
				ENABLE_NS_ASSERTIONS = NO;
				ENABLE_STRICT_OBJC_MSGSEND = YES;
				GCC_C_LANGUAGE_STANDARD = gnu11;
				GCC_NO_COMMON_BLOCKS = YES;
				GCC_WARN_64_TO_32_BIT_CONVERSION = YES;
				GCC_WARN_ABOUT_RETURN_TYPE = YES_ERROR;
				GCC_WARN_UNDECLARED_SELECTOR = YES;
				GCC_WARN_UNINITIALIZED_AUTOS = YES_AGGRESSIVE;
				GCC_WARN_UNUSED_FUNCTION = YES;
				GCC_WARN_UNUSED_VARIABLE = YES;
				IPHONEOS_DEPLOYMENT_TARGET = 12.2;
				MTL_ENABLE_DEBUG_INFO = NO;
				MTL_FAST_MATH = YES;
				SDKROOT = iphoneos;
				SWIFT_COMPILATION_MODE = wholemodule;
				SWIFT_OPTIMIZATION_LEVEL = "-O";
				VALIDATE_PRODUCT = YES;
			};
			name = Release;
		};
		9A3FEFD822B3C81C008D9D0F /* Debug */ = {
			isa = XCBuildConfiguration;
			buildSettings = {
				ASSETCATALOG_COMPILER_APPICON_NAME = AppIcon;
				CODE_SIGN_STYLE = Automatic;
				DEVELOPMENT_TEAM = BVL93LPC7F;
				INFOPLIST_FILE = FultureFit/Info.plist;
				LD_RUNPATH_SEARCH_PATHS = (
					"$(inherited)",
					"@executable_path/Frameworks",
				);
				PRODUCT_BUNDLE_IDENTIFIER = com.anker.FultureFit;
				PRODUCT_NAME = "$(TARGET_NAME)";
				SWIFT_VERSION = 5.0;
				TARGETED_DEVICE_FAMILY = "1,2";
			};
			name = Debug;
		};
		9A3FEFD922B3C81C008D9D0F /* Release */ = {
			isa = XCBuildConfiguration;
			buildSettings = {
				ASSETCATALOG_COMPILER_APPICON_NAME = AppIcon;
				CODE_SIGN_STYLE = Automatic;
				DEVELOPMENT_TEAM = BVL93LPC7F;
				INFOPLIST_FILE = FultureFit/Info.plist;
				LD_RUNPATH_SEARCH_PATHS = (
					"$(inherited)",
					"@executable_path/Frameworks",
				);
				PRODUCT_BUNDLE_IDENTIFIER = com.anker.FultureFit;
				PRODUCT_NAME = "$(TARGET_NAME)";
				SWIFT_VERSION = 5.0;
				TARGETED_DEVICE_FAMILY = "1,2";
			};
			name = Release;
		};
		9A3FEFDB22B3C81C008D9D0F /* Debug */ = {
			isa = XCBuildConfiguration;
			buildSettings = {
				ALWAYS_EMBED_SWIFT_STANDARD_LIBRARIES = YES;
				BUNDLE_LOADER = "$(TEST_HOST)";
				CODE_SIGN_STYLE = Automatic;
				DEVELOPMENT_TEAM = BVL93LPC7F;
				INFOPLIST_FILE = FultureFitTests/Info.plist;
				LD_RUNPATH_SEARCH_PATHS = (
					"$(inherited)",
					"@executable_path/Frameworks",
					"@loader_path/Frameworks",
				);
				PRODUCT_BUNDLE_IDENTIFIER = com.anker.FultureFitTests;
				PRODUCT_NAME = "$(TARGET_NAME)";
				SWIFT_VERSION = 5.0;
				TARGETED_DEVICE_FAMILY = "1,2";
				TEST_HOST = "$(BUILT_PRODUCTS_DIR)/FultureFit.app/FultureFit";
			};
			name = Debug;
		};
		9A3FEFDC22B3C81C008D9D0F /* Release */ = {
			isa = XCBuildConfiguration;
			buildSettings = {
				ALWAYS_EMBED_SWIFT_STANDARD_LIBRARIES = YES;
				BUNDLE_LOADER = "$(TEST_HOST)";
				CODE_SIGN_STYLE = Automatic;
				DEVELOPMENT_TEAM = BVL93LPC7F;
				INFOPLIST_FILE = FultureFitTests/Info.plist;
				LD_RUNPATH_SEARCH_PATHS = (
					"$(inherited)",
					"@executable_path/Frameworks",
					"@loader_path/Frameworks",
				);
				PRODUCT_BUNDLE_IDENTIFIER = com.anker.FultureFitTests;
				PRODUCT_NAME = "$(TARGET_NAME)";
				SWIFT_VERSION = 5.0;
				TARGETED_DEVICE_FAMILY = "1,2";
				TEST_HOST = "$(BUILT_PRODUCTS_DIR)/FultureFit.app/FultureFit";
			};
			name = Release;
		};
		9A3FEFDE22B3C81C008D9D0F /* Debug */ = {
			isa = XCBuildConfiguration;
			buildSettings = {
				ALWAYS_EMBED_SWIFT_STANDARD_LIBRARIES = YES;
				CODE_SIGN_STYLE = Automatic;
				DEVELOPMENT_TEAM = BVL93LPC7F;
				INFOPLIST_FILE = FultureFitUITests/Info.plist;
				LD_RUNPATH_SEARCH_PATHS = (
					"$(inherited)",
					"@executable_path/Frameworks",
					"@loader_path/Frameworks",
				);
				PRODUCT_BUNDLE_IDENTIFIER = com.anker.FultureFitUITests;
				PRODUCT_NAME = "$(TARGET_NAME)";
				SWIFT_VERSION = 5.0;
				TARGETED_DEVICE_FAMILY = "1,2";
				TEST_TARGET_NAME = FultureFit;
			};
			name = Debug;
		};
		9A3FEFDF22B3C81C008D9D0F /* Release */ = {
			isa = XCBuildConfiguration;
			buildSettings = {
				ALWAYS_EMBED_SWIFT_STANDARD_LIBRARIES = YES;
				CODE_SIGN_STYLE = Automatic;
				DEVELOPMENT_TEAM = BVL93LPC7F;
				INFOPLIST_FILE = FultureFitUITests/Info.plist;
				LD_RUNPATH_SEARCH_PATHS = (
					"$(inherited)",
					"@executable_path/Frameworks",
					"@loader_path/Frameworks",
				);
				PRODUCT_BUNDLE_IDENTIFIER = com.anker.FultureFitUITests;
				PRODUCT_NAME = "$(TARGET_NAME)";
				SWIFT_VERSION = 5.0;
				TARGETED_DEVICE_FAMILY = "1,2";
				TEST_TARGET_NAME = FultureFit;
			};
			name = Release;
		};
/* End XCBuildConfiguration section */

/* Begin XCConfigurationList section */
		9A3FEFA722B3C81B008D9D0F /* Build configuration list for PBXProject "FultureFit" */ = {
			isa = XCConfigurationList;
			buildConfigurations = (
				9A3FEFD522B3C81C008D9D0F /* Debug */,
				9A3FEFD622B3C81C008D9D0F /* Release */,
			);
			defaultConfigurationIsVisible = 0;
			defaultConfigurationName = Release;
		};
		9A3FEFD722B3C81C008D9D0F /* Build configuration list for PBXNativeTarget "FultureFit" */ = {
			isa = XCConfigurationList;
			buildConfigurations = (
				9A3FEFD822B3C81C008D9D0F /* Debug */,
				9A3FEFD922B3C81C008D9D0F /* Release */,
			);
			defaultConfigurationIsVisible = 0;
			defaultConfigurationName = Release;
		};
		9A3FEFDA22B3C81C008D9D0F /* Build configuration list for PBXNativeTarget "FultureFitTests" */ = {
			isa = XCConfigurationList;
			buildConfigurations = (
				9A3FEFDB22B3C81C008D9D0F /* Debug */,
				9A3FEFDC22B3C81C008D9D0F /* Release */,
			);
			defaultConfigurationIsVisible = 0;
			defaultConfigurationName = Release;
		};
		9A3FEFDD22B3C81C008D9D0F /* Build configuration list for PBXNativeTarget "FultureFitUITests" */ = {
			isa = XCConfigurationList;
			buildConfigurations = (
				9A3FEFDE22B3C81C008D9D0F /* Debug */,
				9A3FEFDF22B3C81C008D9D0F /* Release */,
			);
			defaultConfigurationIsVisible = 0;
			defaultConfigurationName = Release;
		};
/* End XCConfigurationList section */

/* Begin XCVersionGroup section */
		9A3FEFB622B3C81B008D9D0F /* FultureFit.xcdatamodeld */ = {
			isa = XCVersionGroup;
			children = (
				9A3FEFB722B3C81B008D9D0F /* FultureFit.xcdatamodel */,
			);
			currentVersion = 9A3FEFB722B3C81B008D9D0F /* FultureFit.xcdatamodel */;
			path = FultureFit.xcdatamodeld;
			sourceTree = "<group>";
			versionGroupType = wrapper.xcdatamodel;
		};
/* End XCVersionGroup section */
	};
	rootObject = 9A3FEFA422B3C81B008D9D0F /* Project object */;
}
