// !$*UTF8*$!
{
	archiveVersion = 1;
	classes = {
	};
	objectVersion = 51;
	objects = {

/* Begin PBXBuildFile section */
		9A1EBEF422CF290600D9801A /* FFNetworkManager.swift in Sources */ = {isa = PBXBuildFile; fileRef = 9A1EBEF322CF290600D9801A /* FFNetworkManager.swift */; };
		9A1EBEF622CFABEE00D9801A /* FFBaseResponse.swift in Sources */ = {isa = PBXBuildFile; fileRef = 9A1EBEF522CFABEE00D9801A /* FFBaseResponse.swift */; };
		9A1EBEF822CFAE2F00D9801A /* FFCodeResponse.swift in Sources */ = {isa = PBXBuildFile; fileRef = 9A1EBEF722CFAE2F00D9801A /* FFCodeResponse.swift */; };
		9A1EBEFA22D0464200D9801A /* FFUserNavigationController.swift in Sources */ = {isa = PBXBuildFile; fileRef = 9A1EBEF922D0464200D9801A /* FFUserNavigationController.swift */; };
		9A1EBEFC22D0510800D9801A /* FFForgetViewController.swift in Sources */ = {isa = PBXBuildFile; fileRef = 9A1EBEFB22D0510800D9801A /* FFForgetViewController.swift */; };
		9A1EBF3B22DB48CF00D9801A /* CMDQueue.swift in Sources */ = {isa = PBXBuildFile; fileRef = 9A1EBF3A22DB48CF00D9801A /* CMDQueue.swift */; };
		9A2971F322C310D80096BA9B /* FFExerciseModelService2.swift in Sources */ = {isa = PBXBuildFile; fileRef = 9A2971F222C310D80096BA9B /* FFExerciseModelService2.swift */; };
		9A2971F522C310E60096BA9B /* FFExercisemodelServiceDelegate.swift in Sources */ = {isa = PBXBuildFile; fileRef = 9A2971F422C310E60096BA9B /* FFExercisemodelServiceDelegate.swift */; };
		9A3FEFB022B3C81B008D9D0F /* AppDelegate.swift in Sources */ = {isa = PBXBuildFile; fileRef = 9A3FEFAF22B3C81B008D9D0F /* AppDelegate.swift */; };
		9A3FEFB222B3C81B008D9D0F /* LoginViewController.swift in Sources */ = {isa = PBXBuildFile; fileRef = 9A3FEFB122B3C81B008D9D0F /* LoginViewController.swift */; };
		9A3FEFB522B3C81B008D9D0F /* User.storyboard in Resources */ = {isa = PBXBuildFile; fileRef = 9A3FEFB322B3C81B008D9D0F /* User.storyboard */; };
		9A3FEFB822B3C81B008D9D0F /* FultureFit.xcdatamodeld in Sources */ = {isa = PBXBuildFile; fileRef = 9A3FEFB622B3C81B008D9D0F /* FultureFit.xcdatamodeld */; };
		9A3FEFBA22B3C81C008D9D0F /* Assets.xcassets in Resources */ = {isa = PBXBuildFile; fileRef = 9A3FEFB922B3C81C008D9D0F /* Assets.xcassets */; };
		9A3FEFBD22B3C81C008D9D0F /* LaunchScreen.storyboard in Resources */ = {isa = PBXBuildFile; fileRef = 9A3FEFBB22B3C81C008D9D0F /* LaunchScreen.storyboard */; };
		9A3FEFC822B3C81C008D9D0F /* FultureFitTests.swift in Sources */ = {isa = PBXBuildFile; fileRef = 9A3FEFC722B3C81C008D9D0F /* FultureFitTests.swift */; };
		9A3FEFD322B3C81C008D9D0F /* FultureFitUITests.swift in Sources */ = {isa = PBXBuildFile; fileRef = 9A3FEFD222B3C81C008D9D0F /* FultureFitUITests.swift */; };
		9A3FEFE422B3DA10008D9D0F /* RegisterViewController.swift in Sources */ = {isa = PBXBuildFile; fileRef = 9A3FEFE322B3DA10008D9D0F /* RegisterViewController.swift */; };
		9A3FEFE722B3DB42008D9D0F /* Tab.storyboard in Resources */ = {isa = PBXBuildFile; fileRef = 9A3FEFE622B3DB42008D9D0F /* Tab.storyboard */; };
		9A3FEFEA22B3E37C008D9D0F /* BaseViewController.swift in Sources */ = {isa = PBXBuildFile; fileRef = 9A3FEFE922B3E37C008D9D0F /* BaseViewController.swift */; };
		9A3FEFEC22B3E42F008D9D0F /* FFTabBarController.swift in Sources */ = {isa = PBXBuildFile; fileRef = 9A3FEFEB22B3E42F008D9D0F /* FFTabBarController.swift */; };
		9A3FEFEF22B3E8FD008D9D0F /* UIKitExtension.swift in Sources */ = {isa = PBXBuildFile; fileRef = 9A3FEFEE22B3E8FD008D9D0F /* UIKitExtension.swift */; };
		9A3FEFF122B3E911008D9D0F /* FoundationExtension.swift in Sources */ = {isa = PBXBuildFile; fileRef = 9A3FEFF022B3E911008D9D0F /* FoundationExtension.swift */; };
		9A3FEFF422B3FC1A008D9D0F /* FFExerciseViewController.swift in Sources */ = {isa = PBXBuildFile; fileRef = 9A3FEFF322B3FC1A008D9D0F /* FFExerciseViewController.swift */; };
		9A3FEFF722B3FC51008D9D0F /* FFItemsViewController.swift in Sources */ = {isa = PBXBuildFile; fileRef = 9A3FEFF622B3FC51008D9D0F /* FFItemsViewController.swift */; };
		9A3FEFFA22B3FC62008D9D0F /* FFMineViewController.swift in Sources */ = {isa = PBXBuildFile; fileRef = 9A3FEFF922B3FC62008D9D0F /* FFMineViewController.swift */; };
		9A3FEFFE22B47CE7008D9D0F /* FFBaseModel.swift in Sources */ = {isa = PBXBuildFile; fileRef = 9A3FEFFD22B47CE7008D9D0F /* FFBaseModel.swift */; };
		9A3FF00122B47D41008D9D0F /* FFMineModel.swift in Sources */ = {isa = PBXBuildFile; fileRef = 9A3FF00022B47D41008D9D0F /* FFMineModel.swift */; };
		9A3FF00322B47D70008D9D0F /* FFMineModelService.swift in Sources */ = {isa = PBXBuildFile; fileRef = 9A3FF00222B47D70008D9D0F /* FFMineModelService.swift */; };
		9A3FF00622B48249008D9D0F /* Localizable.strings in Resources */ = {isa = PBXBuildFile; fileRef = 9A3FF00822B48249008D9D0F /* Localizable.strings */; };
		9A3FF01322B49479008D9D0F /* FFItemsModel.swift in Sources */ = {isa = PBXBuildFile; fileRef = 9A3FF01222B49479008D9D0F /* FFItemsModel.swift */; };
		9A3FF01522B4DFF4008D9D0F /* FFItemsModelService.swift in Sources */ = {isa = PBXBuildFile; fileRef = 9A3FF01422B4DFF4008D9D0F /* FFItemsModelService.swift */; };
		9A3FF01722B4E318008D9D0F /* FFNavigationController.swift in Sources */ = {isa = PBXBuildFile; fileRef = 9A3FF01622B4E318008D9D0F /* FFNavigationController.swift */; };
		9A3FF01B22B4E585008D9D0F /* FFBLEManager.swift in Sources */ = {isa = PBXBuildFile; fileRef = 9A3FF01A22B4E585008D9D0F /* FFBLEManager.swift */; };
		9A3FF01D22B5C355008D9D0F /* FFBLEConfig.swift in Sources */ = {isa = PBXBuildFile; fileRef = 9A3FF01C22B5C355008D9D0F /* FFBLEConfig.swift */; };
		9A3FF01F22B5CBF8008D9D0F /* FFBLEDiscoveredManager.swift in Sources */ = {isa = PBXBuildFile; fileRef = 9A3FF01E22B5CBF8008D9D0F /* FFBLEDiscoveredManager.swift */; };
		9A3FF02122B5D729008D9D0F /* BLE.storyboard in Resources */ = {isa = PBXBuildFile; fileRef = 9A3FF02022B5D729008D9D0F /* BLE.storyboard */; };
		9A3FF02322B5D7B2008D9D0F /* FFBLEScanViewController.swift in Sources */ = {isa = PBXBuildFile; fileRef = 9A3FF02222B5D7B2008D9D0F /* FFBLEScanViewController.swift */; };
		9A3FF02622B66B45008D9D0F /* FFBLEScanModelService.swift in Sources */ = {isa = PBXBuildFile; fileRef = 9A3FF02522B66B45008D9D0F /* FFBLEScanModelService.swift */; };
		9A3FF02A22B7C50A008D9D0F /* Sport.storyboard in Resources */ = {isa = PBXBuildFile; fileRef = 9A3FF02922B7C50A008D9D0F /* Sport.storyboard */; };
		9A3FF02D22B7C5F3008D9D0F /* FFCommandHandle.swift in Sources */ = {isa = PBXBuildFile; fileRef = 9A3FF02C22B7C5F3008D9D0F /* FFCommandHandle.swift */; };
		9A3FF04622BA6D63008D9D0F /* FFPeripheralHandleData.swift in Sources */ = {isa = PBXBuildFile; fileRef = 9A3FF04522BA6D63008D9D0F /* FFPeripheralHandleData.swift */; };
		9AEA3F1923103C9D004174CB /* FFExerciseModelService3.swift in Sources */ = {isa = PBXBuildFile; fileRef = 9AEA3F1823103C9D004174CB /* FFExerciseModelService3.swift */; };
		9AEB80AF22BCE9CC0090FAC3 /* FFSetPowerViewController.swift in Sources */ = {isa = PBXBuildFile; fileRef = 9AEB80AE22BCE9CC0090FAC3 /* FFSetPowerViewController.swift */; };
		9AEB80B122BD11DF0090FAC3 /* FFSetPowerBackViewController.swift in Sources */ = {isa = PBXBuildFile; fileRef = 9AEB80B022BD11DF0090FAC3 /* FFSetPowerBackViewController.swift */; };
		9AEB80B322BD12090090FAC3 /* FFPowerViewController.swift in Sources */ = {isa = PBXBuildFile; fileRef = 9AEB80B222BD12090090FAC3 /* FFPowerViewController.swift */; };
		9AEB80B622BDFBEA0090FAC3 /* Constant.swift in Sources */ = {isa = PBXBuildFile; fileRef = 9AEB80B522BDFBEA0090FAC3 /* Constant.swift */; };
		9AEB80B922BE0EEB0090FAC3 /* FFExerciseModelService.swift in Sources */ = {isa = PBXBuildFile; fileRef = 9AEB80B822BE0EEB0090FAC3 /* FFExerciseModelService.swift */; };
		BD36CF17795E3C5749D93A59 /* libPods-FultureFit.a in Frameworks */ = {isa = PBXBuildFile; fileRef = 7CF0EA8BD717F1515884FF17 /* libPods-FultureFit.a */; };
/* End PBXBuildFile section */

/* Begin PBXContainerItemProxy section */
		9A3FEFC422B3C81C008D9D0F /* PBXContainerItemProxy */ = {
			isa = PBXContainerItemProxy;
			containerPortal = 9A3FEFA422B3C81B008D9D0F /* Project object */;
			proxyType = 1;
			remoteGlobalIDString = 9A3FEFAB22B3C81B008D9D0F;
			remoteInfo = FultureFit;
		};
		9A3FEFCF22B3C81C008D9D0F /* PBXContainerItemProxy */ = {
			isa = PBXContainerItemProxy;
			containerPortal = 9A3FEFA422B3C81B008D9D0F /* Project object */;
			proxyType = 1;
			remoteGlobalIDString = 9A3FEFAB22B3C81B008D9D0F;
			remoteInfo = FultureFit;
		};
/* End PBXContainerItemProxy section */

/* Begin PBXFileReference section */
		37D34FC31F458EB6EA3833EA /* Pods-FultureFit.debug.xcconfig */ = {isa = PBXFileReference; includeInIndex = 1; lastKnownFileType = text.xcconfig; name = "Pods-FultureFit.debug.xcconfig"; path = "Target Support Files/Pods-FultureFit/Pods-FultureFit.debug.xcconfig"; sourceTree = "<group>"; };
		7CF0EA8BD717F1515884FF17 /* libPods-FultureFit.a */ = {isa = PBXFileReference; explicitFileType = archive.ar; includeInIndex = 0; path = "libPods-FultureFit.a"; sourceTree = BUILT_PRODUCTS_DIR; };
		9A1EBEF322CF290600D9801A /* FFNetworkManager.swift */ = {isa = PBXFileReference; lastKnownFileType = sourcecode.swift; path = FFNetworkManager.swift; sourceTree = "<group>"; };
		9A1EBEF522CFABEE00D9801A /* FFBaseResponse.swift */ = {isa = PBXFileReference; lastKnownFileType = sourcecode.swift; path = FFBaseResponse.swift; sourceTree = "<group>"; };
		9A1EBEF722CFAE2F00D9801A /* FFCodeResponse.swift */ = {isa = PBXFileReference; lastKnownFileType = sourcecode.swift; path = FFCodeResponse.swift; sourceTree = "<group>"; };
		9A1EBEF922D0464200D9801A /* FFUserNavigationController.swift */ = {isa = PBXFileReference; lastKnownFileType = sourcecode.swift; path = FFUserNavigationController.swift; sourceTree = "<group>"; };
		9A1EBEFB22D0510800D9801A /* FFForgetViewController.swift */ = {isa = PBXFileReference; lastKnownFileType = sourcecode.swift; path = FFForgetViewController.swift; sourceTree = "<group>"; };
		9A1EBF3A22DB48CF00D9801A /* CMDQueue.swift */ = {isa = PBXFileReference; fileEncoding = 4; lastKnownFileType = sourcecode.swift; path = CMDQueue.swift; sourceTree = "<group>"; };
		9A2971F222C310D80096BA9B /* FFExerciseModelService2.swift */ = {isa = PBXFileReference; lastKnownFileType = sourcecode.swift; path = FFExerciseModelService2.swift; sourceTree = "<group>"; };
		9A2971F422C310E60096BA9B /* FFExercisemodelServiceDelegate.swift */ = {isa = PBXFileReference; lastKnownFileType = sourcecode.swift; path = FFExercisemodelServiceDelegate.swift; sourceTree = "<group>"; };
		9A3FEFAC22B3C81B008D9D0F /* FultureFit.app */ = {isa = PBXFileReference; explicitFileType = wrapper.application; includeInIndex = 0; path = FultureFit.app; sourceTree = BUILT_PRODUCTS_DIR; };
		9A3FEFAF22B3C81B008D9D0F /* AppDelegate.swift */ = {isa = PBXFileReference; lastKnownFileType = sourcecode.swift; path = AppDelegate.swift; sourceTree = "<group>"; };
		9A3FEFB122B3C81B008D9D0F /* LoginViewController.swift */ = {isa = PBXFileReference; lastKnownFileType = sourcecode.swift; path = LoginViewController.swift; sourceTree = "<group>"; };
		9A3FEFB422B3C81B008D9D0F /* Base */ = {isa = PBXFileReference; lastKnownFileType = file.storyboard; name = Base; path = Base.lproj/User.storyboard; sourceTree = "<group>"; };
		9A3FEFB722B3C81B008D9D0F /* FultureFit.xcdatamodel */ = {isa = PBXFileReference; lastKnownFileType = wrapper.xcdatamodel; path = FultureFit.xcdatamodel; sourceTree = "<group>"; };
		9A3FEFB922B3C81C008D9D0F /* Assets.xcassets */ = {isa = PBXFileReference; lastKnownFileType = folder.assetcatalog; path = Assets.xcassets; sourceTree = "<group>"; };
		9A3FEFBC22B3C81C008D9D0F /* Base */ = {isa = PBXFileReference; lastKnownFileType = file.storyboard; name = Base; path = Base.lproj/LaunchScreen.storyboard; sourceTree = "<group>"; };
		9A3FEFBE22B3C81C008D9D0F /* Info.plist */ = {isa = PBXFileReference; lastKnownFileType = text.plist.xml; path = Info.plist; sourceTree = "<group>"; };
		9A3FEFC322B3C81C008D9D0F /* FultureFitTests.xctest */ = {isa = PBXFileReference; explicitFileType = wrapper.cfbundle; includeInIndex = 0; path = FultureFitTests.xctest; sourceTree = BUILT_PRODUCTS_DIR; };
		9A3FEFC722B3C81C008D9D0F /* FultureFitTests.swift */ = {isa = PBXFileReference; lastKnownFileType = sourcecode.swift; path = FultureFitTests.swift; sourceTree = "<group>"; };
		9A3FEFC922B3C81C008D9D0F /* Info.plist */ = {isa = PBXFileReference; lastKnownFileType = text.plist.xml; path = Info.plist; sourceTree = "<group>"; };
		9A3FEFCE22B3C81C008D9D0F /* FultureFitUITests.xctest */ = {isa = PBXFileReference; explicitFileType = wrapper.cfbundle; includeInIndex = 0; path = FultureFitUITests.xctest; sourceTree = BUILT_PRODUCTS_DIR; };
		9A3FEFD222B3C81C008D9D0F /* FultureFitUITests.swift */ = {isa = PBXFileReference; lastKnownFileType = sourcecode.swift; path = FultureFitUITests.swift; sourceTree = "<group>"; };
		9A3FEFD422B3C81C008D9D0F /* Info.plist */ = {isa = PBXFileReference; lastKnownFileType = text.plist.xml; path = Info.plist; sourceTree = "<group>"; };
		9A3FEFE322B3DA10008D9D0F /* RegisterViewController.swift */ = {isa = PBXFileReference; lastKnownFileType = sourcecode.swift; path = RegisterViewController.swift; sourceTree = "<group>"; };
		9A3FEFE622B3DB42008D9D0F /* Tab.storyboard */ = {isa = PBXFileReference; lastKnownFileType = file.storyboard; path = Tab.storyboard; sourceTree = "<group>"; };
		9A3FEFE922B3E37C008D9D0F /* BaseViewController.swift */ = {isa = PBXFileReference; lastKnownFileType = sourcecode.swift; path = BaseViewController.swift; sourceTree = "<group>"; };
		9A3FEFEB22B3E42F008D9D0F /* FFTabBarController.swift */ = {isa = PBXFileReference; lastKnownFileType = sourcecode.swift; path = FFTabBarController.swift; sourceTree = "<group>"; };
		9A3FEFEE22B3E8FD008D9D0F /* UIKitExtension.swift */ = {isa = PBXFileReference; lastKnownFileType = sourcecode.swift; path = UIKitExtension.swift; sourceTree = "<group>"; };
		9A3FEFF022B3E911008D9D0F /* FoundationExtension.swift */ = {isa = PBXFileReference; lastKnownFileType = sourcecode.swift; path = FoundationExtension.swift; sourceTree = "<group>"; };
		9A3FEFF322B3FC1A008D9D0F /* FFExerciseViewController.swift */ = {isa = PBXFileReference; lastKnownFileType = sourcecode.swift; path = FFExerciseViewController.swift; sourceTree = "<group>"; };
		9A3FEFF622B3FC51008D9D0F /* FFItemsViewController.swift */ = {isa = PBXFileReference; lastKnownFileType = sourcecode.swift; path = FFItemsViewController.swift; sourceTree = "<group>"; };
		9A3FEFF922B3FC62008D9D0F /* FFMineViewController.swift */ = {isa = PBXFileReference; lastKnownFileType = sourcecode.swift; path = FFMineViewController.swift; sourceTree = "<group>"; };
		9A3FEFFD22B47CE7008D9D0F /* FFBaseModel.swift */ = {isa = PBXFileReference; lastKnownFileType = sourcecode.swift; path = FFBaseModel.swift; sourceTree = "<group>"; };
		9A3FF00022B47D41008D9D0F /* FFMineModel.swift */ = {isa = PBXFileReference; lastKnownFileType = sourcecode.swift; path = FFMineModel.swift; sourceTree = "<group>"; };
		9A3FF00222B47D70008D9D0F /* FFMineModelService.swift */ = {isa = PBXFileReference; lastKnownFileType = sourcecode.swift; path = FFMineModelService.swift; sourceTree = "<group>"; };
		9A3FF00922B48256008D9D0F /* zh-Hans */ = {isa = PBXFileReference; lastKnownFileType = text.plist.strings; name = "zh-Hans"; path = "zh-Hans.lproj/Localizable.strings"; sourceTree = "<group>"; };
		9A3FF01222B49479008D9D0F /* FFItemsModel.swift */ = {isa = PBXFileReference; lastKnownFileType = sourcecode.swift; path = FFItemsModel.swift; sourceTree = "<group>"; };
		9A3FF01422B4DFF4008D9D0F /* FFItemsModelService.swift */ = {isa = PBXFileReference; lastKnownFileType = sourcecode.swift; path = FFItemsModelService.swift; sourceTree = "<group>"; };
		9A3FF01622B4E318008D9D0F /* FFNavigationController.swift */ = {isa = PBXFileReference; lastKnownFileType = sourcecode.swift; path = FFNavigationController.swift; sourceTree = "<group>"; };
		9A3FF01A22B4E585008D9D0F /* FFBLEManager.swift */ = {isa = PBXFileReference; lastKnownFileType = sourcecode.swift; path = FFBLEManager.swift; sourceTree = "<group>"; };
		9A3FF01C22B5C355008D9D0F /* FFBLEConfig.swift */ = {isa = PBXFileReference; lastKnownFileType = sourcecode.swift; path = FFBLEConfig.swift; sourceTree = "<group>"; };
		9A3FF01E22B5CBF8008D9D0F /* FFBLEDiscoveredManager.swift */ = {isa = PBXFileReference; lastKnownFileType = sourcecode.swift; path = FFBLEDiscoveredManager.swift; sourceTree = "<group>"; };
		9A3FF02022B5D729008D9D0F /* BLE.storyboard */ = {isa = PBXFileReference; lastKnownFileType = file.storyboard; path = BLE.storyboard; sourceTree = "<group>"; };
		9A3FF02222B5D7B2008D9D0F /* FFBLEScanViewController.swift */ = {isa = PBXFileReference; lastKnownFileType = sourcecode.swift; path = FFBLEScanViewController.swift; sourceTree = "<group>"; };
		9A3FF02522B66B45008D9D0F /* FFBLEScanModelService.swift */ = {isa = PBXFileReference; lastKnownFileType = sourcecode.swift; path = FFBLEScanModelService.swift; sourceTree = "<group>"; };
		9A3FF02922B7C50A008D9D0F /* Sport.storyboard */ = {isa = PBXFileReference; lastKnownFileType = file.storyboard; path = Sport.storyboard; sourceTree = "<group>"; };
		9A3FF02C22B7C5F3008D9D0F /* FFCommandHandle.swift */ = {isa = PBXFileReference; lastKnownFileType = sourcecode.swift; path = FFCommandHandle.swift; sourceTree = "<group>"; };
		9A3FF04522BA6D63008D9D0F /* FFPeripheralHandleData.swift */ = {isa = PBXFileReference; lastKnownFileType = sourcecode.swift; path = FFPeripheralHandleData.swift; sourceTree = "<group>"; };
		9AEA3F1823103C9D004174CB /* FFExerciseModelService3.swift */ = {isa = PBXFileReference; lastKnownFileType = sourcecode.swift; path = FFExerciseModelService3.swift; sourceTree = "<group>"; };
		9AEB80AE22BCE9CC0090FAC3 /* FFSetPowerViewController.swift */ = {isa = PBXFileReference; lastKnownFileType = sourcecode.swift; path = FFSetPowerViewController.swift; sourceTree = "<group>"; };
		9AEB80B022BD11DF0090FAC3 /* FFSetPowerBackViewController.swift */ = {isa = PBXFileReference; lastKnownFileType = sourcecode.swift; path = FFSetPowerBackViewController.swift; sourceTree = "<group>"; };
		9AEB80B222BD12090090FAC3 /* FFPowerViewController.swift */ = {isa = PBXFileReference; lastKnownFileType = sourcecode.swift; path = FFPowerViewController.swift; sourceTree = "<group>"; };
		9AEB80B522BDFBEA0090FAC3 /* Constant.swift */ = {isa = PBXFileReference; lastKnownFileType = sourcecode.swift; path = Constant.swift; sourceTree = "<group>"; };
		9AEB80B822BE0EEB0090FAC3 /* FFExerciseModelService.swift */ = {isa = PBXFileReference; lastKnownFileType = sourcecode.swift; path = FFExerciseModelService.swift; sourceTree = "<group>"; };
		ADFD948BE9AD1CEE6D49D280 /* Pods-FultureFit.release.xcconfig */ = {isa = PBXFileReference; includeInIndex = 1; lastKnownFileType = text.xcconfig; name = "Pods-FultureFit.release.xcconfig"; path = "Target Support Files/Pods-FultureFit/Pods-FultureFit.release.xcconfig"; sourceTree = "<group>"; };
/* End PBXFileReference section */

/* Begin PBXFrameworksBuildPhase section */
		9A3FEFA922B3C81B008D9D0F /* Frameworks */ = {
			isa = PBXFrameworksBuildPhase;
			buildActionMask = 2147483647;
			files = (
				BD36CF17795E3C5749D93A59 /* libPods-FultureFit.a in Frameworks */,
			);
			runOnlyForDeploymentPostprocessing = 0;
		};
		9A3FEFC022B3C81C008D9D0F /* Frameworks */ = {
			isa = PBXFrameworksBuildPhase;
			buildActionMask = 2147483647;
			files = (
			);
			runOnlyForDeploymentPostprocessing = 0;
		};
		9A3FEFCB22B3C81C008D9D0F /* Frameworks */ = {
			isa = PBXFrameworksBuildPhase;
			buildActionMask = 2147483647;
			files = (
			);
			runOnlyForDeploymentPostprocessing = 0;
		};
/* End PBXFrameworksBuildPhase section */

/* Begin PBXGroup section */
		0D01DC29D226134575FCEDA9 /* Pods */ = {
			isa = PBXGroup;
			children = (
				37D34FC31F458EB6EA3833EA /* Pods-FultureFit.debug.xcconfig */,
				ADFD948BE9AD1CEE6D49D280 /* Pods-FultureFit.release.xcconfig */,
			);
			path = Pods;
			sourceTree = "<group>";
		};
		9A1EBEF222CF287F00D9801A /* Network */ = {
			isa = PBXGroup;
			children = (
				9A1EBEF322CF290600D9801A /* FFNetworkManager.swift */,
				9A1EBEF522CFABEE00D9801A /* FFBaseResponse.swift */,
				9A1EBEF722CFAE2F00D9801A /* FFCodeResponse.swift */,
			);
			path = Network;
			sourceTree = "<group>";
		};
		9A3FEFA322B3C81B008D9D0F = {
			isa = PBXGroup;
			children = (
				9A3FEFAE22B3C81B008D9D0F /* FultureFit */,
				9A3FEFC622B3C81C008D9D0F /* FultureFitTests */,
				9A3FEFD122B3C81C008D9D0F /* FultureFitUITests */,
				9A3FEFAD22B3C81B008D9D0F /* Products */,
				0D01DC29D226134575FCEDA9 /* Pods */,
				D2706442A42033DDC6543961 /* Frameworks */,
			);
			sourceTree = "<group>";
		};
		9A3FEFAD22B3C81B008D9D0F /* Products */ = {
			isa = PBXGroup;
			children = (
				9A3FEFAC22B3C81B008D9D0F /* FultureFit.app */,
				9A3FEFC322B3C81C008D9D0F /* FultureFitTests.xctest */,
				9A3FEFCE22B3C81C008D9D0F /* FultureFitUITests.xctest */,
			);
			name = Products;
			sourceTree = "<group>";
		};
		9A3FEFAE22B3C81B008D9D0F /* FultureFit */ = {
			isa = PBXGroup;
			children = (
				9A3FEFED22B3E817008D9D0F /* Kit */,
				9A3FEFFB22B47CA1008D9D0F /* Model */,
				9A3FEFE122B3D9E7008D9D0F /* ViewController */,
				9A3FEFE022B3D5FB008D9D0F /* Storyboard */,
				9A3FEFAF22B3C81B008D9D0F /* AppDelegate.swift */,
				9A3FEFB922B3C81C008D9D0F /* Assets.xcassets */,
				9A3FEFBB22B3C81C008D9D0F /* LaunchScreen.storyboard */,
				9A3FEFBE22B3C81C008D9D0F /* Info.plist */,
				9A3FF00822B48249008D9D0F /* Localizable.strings */,
				9A3FEFB622B3C81B008D9D0F /* FultureFit.xcdatamodeld */,
			);
			path = FultureFit;
			sourceTree = "<group>";
		};
		9A3FEFC622B3C81C008D9D0F /* FultureFitTests */ = {
			isa = PBXGroup;
			children = (
				9A3FEFC722B3C81C008D9D0F /* FultureFitTests.swift */,
				9A3FEFC922B3C81C008D9D0F /* Info.plist */,
			);
			path = FultureFitTests;
			sourceTree = "<group>";
		};
		9A3FEFD122B3C81C008D9D0F /* FultureFitUITests */ = {
			isa = PBXGroup;
			children = (
				9A3FEFD222B3C81C008D9D0F /* FultureFitUITests.swift */,
				9A3FEFD422B3C81C008D9D0F /* Info.plist */,
			);
			path = FultureFitUITests;
			sourceTree = "<group>";
		};
		9A3FEFE022B3D5FB008D9D0F /* Storyboard */ = {
			isa = PBXGroup;
			children = (
				9A3FEFB322B3C81B008D9D0F /* User.storyboard */,
				9A3FEFE622B3DB42008D9D0F /* Tab.storyboard */,
				9A3FF02022B5D729008D9D0F /* BLE.storyboard */,
				9A3FF02922B7C50A008D9D0F /* Sport.storyboard */,
			);
			path = Storyboard;
			sourceTree = "<group>";
		};
		9A3FEFE122B3D9E7008D9D0F /* ViewController */ = {
			isa = PBXGroup;
			children = (
				9A3FEFF822B3FC57008D9D0F /* Mine */,
				9A3FEFF522B3FC39008D9D0F /* Items */,
				9A3FEFF222B3EE72008D9D0F /* Exercise */,
				9A3FEFE822B3E369008D9D0F /* Base */,
				9A3FEFE222B3D9F7008D9D0F /* User */,
				9A3FEFE522B3DB09008D9D0F /* Tab */,
			);
			path = ViewController;
			sourceTree = "<group>";
		};
		9A3FEFE222B3D9F7008D9D0F /* User */ = {
			isa = PBXGroup;
			children = (
				9A3FEFB122B3C81B008D9D0F /* LoginViewController.swift */,
				9A3FEFE322B3DA10008D9D0F /* RegisterViewController.swift */,
				9A1EBEFB22D0510800D9801A /* FFForgetViewController.swift */,
				9A1EBEF922D0464200D9801A /* FFUserNavigationController.swift */,
			);
			path = User;
			sourceTree = "<group>";
		};
		9A3FEFE522B3DB09008D9D0F /* Tab */ = {
			isa = PBXGroup;
			children = (
				9A3FEFEB22B3E42F008D9D0F /* FFTabBarController.swift */,
			);
			path = Tab;
			sourceTree = "<group>";
		};
		9A3FEFE822B3E369008D9D0F /* Base */ = {
			isa = PBXGroup;
			children = (
				9A3FEFE922B3E37C008D9D0F /* BaseViewController.swift */,
				9A3FF01622B4E318008D9D0F /* FFNavigationController.swift */,
			);
			path = Base;
			sourceTree = "<group>";
		};
		9A3FEFED22B3E817008D9D0F /* Kit */ = {
			isa = PBXGroup;
			children = (
				9A1EBEF222CF287F00D9801A /* Network */,
				9AEB80B422BDFBD80090FAC3 /* Constant */,
				9A3FF02B22B7C5CA008D9D0F /* Command */,
				9A3FF01922B4E56F008D9D0F /* Extension */,
				9A3FF01822B4E567008D9D0F /* BlueTooth */,
			);
			path = Kit;
			sourceTree = "<group>";
		};
		9A3FEFF222B3EE72008D9D0F /* Exercise */ = {
			isa = PBXGroup;
			children = (
				9A3FEFF322B3FC1A008D9D0F /* FFExerciseViewController.swift */,
				9AEB80B222BD12090090FAC3 /* FFPowerViewController.swift */,
				9AEB80AE22BCE9CC0090FAC3 /* FFSetPowerViewController.swift */,
				9AEB80B022BD11DF0090FAC3 /* FFSetPowerBackViewController.swift */,
			);
			path = Exercise;
			sourceTree = "<group>";
		};
		9A3FEFF522B3FC39008D9D0F /* Items */ = {
			isa = PBXGroup;
			children = (
				9A3FEFF622B3FC51008D9D0F /* FFItemsViewController.swift */,
			);
			path = Items;
			sourceTree = "<group>";
		};
		9A3FEFF822B3FC57008D9D0F /* Mine */ = {
			isa = PBXGroup;
			children = (
				9A3FEFF922B3FC62008D9D0F /* FFMineViewController.swift */,
				9A3FF02222B5D7B2008D9D0F /* FFBLEScanViewController.swift */,
			);
			path = Mine;
			sourceTree = "<group>";
		};
		9A3FEFFB22B47CA1008D9D0F /* Model */ = {
			isa = PBXGroup;
			children = (
				9AEB80B722BE0EC90090FAC3 /* Exericise */,
				9A3FF01122B4945D008D9D0F /* Items */,
				9A3FEFFF22B47D17008D9D0F /* Mine */,
				9A3FEFFC22B47CD5008D9D0F /* Base */,
			);
			path = Model;
			sourceTree = "<group>";
		};
		9A3FEFFC22B47CD5008D9D0F /* Base */ = {
			isa = PBXGroup;
			children = (
				9A3FEFFD22B47CE7008D9D0F /* FFBaseModel.swift */,
			);
			path = Base;
			sourceTree = "<group>";
		};
		9A3FEFFF22B47D17008D9D0F /* Mine */ = {
			isa = PBXGroup;
			children = (
				9A3FF00022B47D41008D9D0F /* FFMineModel.swift */,
				9A3FF00222B47D70008D9D0F /* FFMineModelService.swift */,
				9A3FF02522B66B45008D9D0F /* FFBLEScanModelService.swift */,
			);
			path = Mine;
			sourceTree = "<group>";
		};
		9A3FF01122B4945D008D9D0F /* Items */ = {
			isa = PBXGroup;
			children = (
				9A3FF01222B49479008D9D0F /* FFItemsModel.swift */,
				9A3FF01422B4DFF4008D9D0F /* FFItemsModelService.swift */,
			);
			path = Items;
			sourceTree = "<group>";
		};
		9A3FF01822B4E567008D9D0F /* BlueTooth */ = {
			isa = PBXGroup;
			children = (
				9A1EBF3A22DB48CF00D9801A /* CMDQueue.swift */,
				9A3FF01A22B4E585008D9D0F /* FFBLEManager.swift */,
				9A3FF04522BA6D63008D9D0F /* FFPeripheralHandleData.swift */,
				9A3FF01C22B5C355008D9D0F /* FFBLEConfig.swift */,
				9A3FF01E22B5CBF8008D9D0F /* FFBLEDiscoveredManager.swift */,
			);
			path = BlueTooth;
			sourceTree = "<group>";
		};
		9A3FF01922B4E56F008D9D0F /* Extension */ = {
			isa = PBXGroup;
			children = (
				9A3FEFEE22B3E8FD008D9D0F /* UIKitExtension.swift */,
				9A3FEFF022B3E911008D9D0F /* FoundationExtension.swift */,
			);
			path = Extension;
			sourceTree = "<group>";
		};
		9A3FF02B22B7C5CA008D9D0F /* Command */ = {
			isa = PBXGroup;
			children = (
				9A3FF02C22B7C5F3008D9D0F /* FFCommandHandle.swift */,
			);
			path = Command;
			sourceTree = "<group>";
		};
		9AEB80B422BDFBD80090FAC3 /* Constant */ = {
			isa = PBXGroup;
			children = (
				9AEB80B522BDFBEA0090FAC3 /* Constant.swift */,
			);
			path = Constant;
			sourceTree = "<group>";
		};
		9AEB80B722BE0EC90090FAC3 /* Exericise */ = {
			isa = PBXGroup;
			children = (
				9AEB80B822BE0EEB0090FAC3 /* FFExerciseModelService.swift */,
				9A2971F222C310D80096BA9B /* FFExerciseModelService2.swift */,
				9AEA3F1823103C9D004174CB /* FFExerciseModelService3.swift */,
				9A2971F422C310E60096BA9B /* FFExercisemodelServiceDelegate.swift */,
			);
			path = Exericise;
			sourceTree = "<group>";
		};
		D2706442A42033DDC6543961 /* Frameworks */ = {
			isa = PBXGroup;
			children = (
				7CF0EA8BD717F1515884FF17 /* libPods-FultureFit.a */,
			);
			name = Frameworks;
			sourceTree = "<group>";
		};
/* End PBXGroup section */

/* Begin PBXNativeTarget section */
		9A3FEFAB22B3C81B008D9D0F /* FultureFit */ = {
			isa = PBXNativeTarget;
			buildConfigurationList = 9A3FEFD722B3C81C008D9D0F /* Build configuration list for PBXNativeTarget "FultureFit" */;
			buildPhases = (
				10A2BE93E28DCDF50DF6C6B8 /* [CP] Check Pods Manifest.lock */,
				9A3FEFA822B3C81B008D9D0F /* Sources */,
				9A3FEFA922B3C81B008D9D0F /* Frameworks */,
				9A3FEFAA22B3C81B008D9D0F /* Resources */,
				FB34199BB37AB127992319B2 /* [CP] Copy Pods Resources */,
			);
			buildRules = (
			);
			dependencies = (
			);
			name = FultureFit;
			productName = FultureFit;
			productReference = 9A3FEFAC22B3C81B008D9D0F /* FultureFit.app */;
			productType = "com.apple.product-type.application";
		};
		9A3FEFC222B3C81C008D9D0F /* FultureFitTests */ = {
			isa = PBXNativeTarget;
			buildConfigurationList = 9A3FEFDA22B3C81C008D9D0F /* Build configuration list for PBXNativeTarget "FultureFitTests" */;
			buildPhases = (
				9A3FEFBF22B3C81C008D9D0F /* Sources */,
				9A3FEFC022B3C81C008D9D0F /* Frameworks */,
				9A3FEFC122B3C81C008D9D0F /* Resources */,
			);
			buildRules = (
			);
			dependencies = (
				9A3FEFC522B3C81C008D9D0F /* PBXTargetDependency */,
			);
			name = FultureFitTests;
			productName = FultureFitTests;
			productReference = 9A3FEFC322B3C81C008D9D0F /* FultureFitTests.xctest */;
			productType = "com.apple.product-type.bundle.unit-test";
		};
		9A3FEFCD22B3C81C008D9D0F /* FultureFitUITests */ = {
			isa = PBXNativeTarget;
			buildConfigurationList = 9A3FEFDD22B3C81C008D9D0F /* Build configuration list for PBXNativeTarget "FultureFitUITests" */;
			buildPhases = (
				9A3FEFCA22B3C81C008D9D0F /* Sources */,
				9A3FEFCB22B3C81C008D9D0F /* Frameworks */,
				9A3FEFCC22B3C81C008D9D0F /* Resources */,
			);
			buildRules = (
			);
			dependencies = (
				9A3FEFD022B3C81C008D9D0F /* PBXTargetDependency */,
			);
			name = FultureFitUITests;
			productName = FultureFitUITests;
			productReference = 9A3FEFCE22B3C81C008D9D0F /* FultureFitUITests.xctest */;
			productType = "com.apple.product-type.bundle.ui-testing";
		};
/* End PBXNativeTarget section */

/* Begin PBXProject section */
		9A3FEFA422B3C81B008D9D0F /* Project object */ = {
			isa = PBXProject;
			attributes = {
				CLASSPREFIX = FF;
				LastSwiftUpdateCheck = 1020;
				LastUpgradeCheck = 1020;
				ORGANIZATIONNAME = "PDP-ACC";
				TargetAttributes = {
					9A3FEFAB22B3C81B008D9D0F = {
						CreatedOnToolsVersion = 10.2.1;
						SystemCapabilities = {
							com.apple.BackgroundModes = {
								enabled = 1;
							};
						};
					};
					9A3FEFC222B3C81C008D9D0F = {
						CreatedOnToolsVersion = 10.2.1;
						TestTargetID = 9A3FEFAB22B3C81B008D9D0F;
					};
					9A3FEFCD22B3C81C008D9D0F = {
						CreatedOnToolsVersion = 10.2.1;
						TestTargetID = 9A3FEFAB22B3C81B008D9D0F;
					};
				};
			};
			buildConfigurationList = 9A3FEFA722B3C81B008D9D0F /* Build configuration list for PBXProject "FultureFit" */;
			compatibilityVersion = "Xcode 9.3";
			developmentRegion = en;
			hasScannedForEncodings = 0;
			knownRegions = (
				en,
				Base,
				"zh-Hans",
			);
			mainGroup = 9A3FEFA322B3C81B008D9D0F;
			productRefGroup = 9A3FEFAD22B3C81B008D9D0F /* Products */;
			projectDirPath = "";
			projectRoot = "";
			targets = (
				9A3FEFAB22B3C81B008D9D0F /* FultureFit */,
				9A3FEFC222B3C81C008D9D0F /* FultureFitTests */,
				9A3FEFCD22B3C81C008D9D0F /* FultureFitUITests */,
			);
		};
/* End PBXProject section */

/* Begin PBXResourcesBuildPhase section */
		9A3FEFAA22B3C81B008D9D0F /* Resources */ = {
			isa = PBXResourcesBuildPhase;
			buildActionMask = 2147483647;
			files = (
				9A3FF02122B5D729008D9D0F /* BLE.storyboard in Resources */,
				9A3FF00622B48249008D9D0F /* Localizable.strings in Resources */,
				9A3FEFE722B3DB42008D9D0F /* Tab.storyboard in Resources */,
				9A3FEFBD22B3C81C008D9D0F /* LaunchScreen.storyboard in Resources */,
				9A3FEFBA22B3C81C008D9D0F /* Assets.xcassets in Resources */,
				9A3FF02A22B7C50A008D9D0F /* Sport.storyboard in Resources */,
				9A3FEFB522B3C81B008D9D0F /* User.storyboard in Resources */,
			);
			runOnlyForDeploymentPostprocessing = 0;
		};
		9A3FEFC122B3C81C008D9D0F /* Resources */ = {
			isa = PBXResourcesBuildPhase;
			buildActionMask = 2147483647;
			files = (
			);
			runOnlyForDeploymentPostprocessing = 0;
		};
		9A3FEFCC22B3C81C008D9D0F /* Resources */ = {
			isa = PBXResourcesBuildPhase;
			buildActionMask = 2147483647;
			files = (
			);
			runOnlyForDeploymentPostprocessing = 0;
		};
/* End PBXResourcesBuildPhase section */

/* Begin PBXShellScriptBuildPhase section */
		10A2BE93E28DCDF50DF6C6B8 /* [CP] Check Pods Manifest.lock */ = {
			isa = PBXShellScriptBuildPhase;
			buildActionMask = 2147483647;
			files = (
			);
			inputFileListPaths = (
			);
			inputPaths = (
				"${PODS_PODFILE_DIR_PATH}/Podfile.lock",
				"${PODS_ROOT}/Manifest.lock",
			);
			name = "[CP] Check Pods Manifest.lock";
			outputFileListPaths = (
			);
			outputPaths = (
				"$(DERIVED_FILE_DIR)/Pods-FultureFit-checkManifestLockResult.txt",
			);
			runOnlyForDeploymentPostprocessing = 0;
			shellPath = /bin/sh;
			shellScript = "diff \"${PODS_PODFILE_DIR_PATH}/Podfile.lock\" \"${PODS_ROOT}/Manifest.lock\" > /dev/null\nif [ $? != 0 ] ; then\n    # print error to STDERR\n    echo \"error: The sandbox is not in sync with the Podfile.lock. Run 'pod install' or update your CocoaPods installation.\" >&2\n    exit 1\nfi\n# This output is used by Xcode 'outputs' to avoid re-running this script phase.\necho \"SUCCESS\" > \"${SCRIPT_OUTPUT_FILE_0}\"\n";
			showEnvVarsInLog = 0;
		};
		FB34199BB37AB127992319B2 /* [CP] Copy Pods Resources */ = {
			isa = PBXShellScriptBuildPhase;
			buildActionMask = 2147483647;
			files = (
			);
			inputFileListPaths = (
				"${PODS_ROOT}/Target Support Files/Pods-FultureFit/Pods-FultureFit-resources-${CONFIGURATION}-input-files.xcfilelist",
			);
			name = "[CP] Copy Pods Resources";
			outputFileListPaths = (
				"${PODS_ROOT}/Target Support Files/Pods-FultureFit/Pods-FultureFit-resources-${CONFIGURATION}-output-files.xcfilelist",
			);
			runOnlyForDeploymentPostprocessing = 0;
			shellPath = /bin/sh;
			shellScript = "\"${PODS_ROOT}/Target Support Files/Pods-FultureFit/Pods-FultureFit-resources.sh\"\n";
			showEnvVarsInLog = 0;
		};
/* End PBXShellScriptBuildPhase section */

/* Begin PBXSourcesBuildPhase section */
		9A3FEFA822B3C81B008D9D0F /* Sources */ = {
			isa = PBXSourcesBuildPhase;
			buildActionMask = 2147483647;
			files = (
				9A3FF01F22B5CBF8008D9D0F /* FFBLEDiscoveredManager.swift in Sources */,
				9A3FF00322B47D70008D9D0F /* FFMineModelService.swift in Sources */,
				9A1EBF3B22DB48CF00D9801A /* CMDQueue.swift in Sources */,
				9A1EBEF422CF290600D9801A /* FFNetworkManager.swift in Sources */,
				9A1EBEF622CFABEE00D9801A /* FFBaseResponse.swift in Sources */,
				9A3FEFF122B3E911008D9D0F /* FoundationExtension.swift in Sources */,
				9A1EBEFC22D0510800D9801A /* FFForgetViewController.swift in Sources */,
				9A3FF00122B47D41008D9D0F /* FFMineModel.swift in Sources */,
				9A2971F322C310D80096BA9B /* FFExerciseModelService2.swift in Sources */,
				9A2971F522C310E60096BA9B /* FFExercisemodelServiceDelegate.swift in Sources */,
				9A3FF04622BA6D63008D9D0F /* FFPeripheralHandleData.swift in Sources */,
				9AEB80B122BD11DF0090FAC3 /* FFSetPowerBackViewController.swift in Sources */,
				9A3FEFEA22B3E37C008D9D0F /* BaseViewController.swift in Sources */,
				9A3FF01D22B5C355008D9D0F /* FFBLEConfig.swift in Sources */,
				9A3FF01B22B4E585008D9D0F /* FFBLEManager.swift in Sources */,
				9A3FEFEC22B3E42F008D9D0F /* FFTabBarController.swift in Sources */,
				9A1EBEFA22D0464200D9801A /* FFUserNavigationController.swift in Sources */,
				9A3FEFB222B3C81B008D9D0F /* LoginViewController.swift in Sources */,
				9A1EBEF822CFAE2F00D9801A /* FFCodeResponse.swift in Sources */,
				9A3FEFF422B3FC1A008D9D0F /* FFExerciseViewController.swift in Sources */,
				9A3FF01522B4DFF4008D9D0F /* FFItemsModelService.swift in Sources */,
				9A3FF02D22B7C5F3008D9D0F /* FFCommandHandle.swift in Sources */,
				9A3FEFB822B3C81B008D9D0F /* FultureFit.xcdatamodeld in Sources */,
				9AEB80B622BDFBEA0090FAC3 /* Constant.swift in Sources */,
				9A3FEFEF22B3E8FD008D9D0F /* UIKitExtension.swift in Sources */,
				9A3FEFFA22B3FC62008D9D0F /* FFMineViewController.swift in Sources */,
				9AEB80B922BE0EEB0090FAC3 /* FFExerciseModelService.swift in Sources */,
				9AEA3F1923103C9D004174CB /* FFExerciseModelService3.swift in Sources */,
				9A3FEFFE22B47CE7008D9D0F /* FFBaseModel.swift in Sources */,
				9A3FF01322B49479008D9D0F /* FFItemsModel.swift in Sources */,
				9A3FEFB022B3C81B008D9D0F /* AppDelegate.swift in Sources */,
				9A3FEFE422B3DA10008D9D0F /* RegisterViewController.swift in Sources */,
				9AEB80AF22BCE9CC0090FAC3 /* FFSetPowerViewController.swift in Sources */,
				9AEB80B322BD12090090FAC3 /* FFPowerViewController.swift in Sources */,
				9A3FF02622B66B45008D9D0F /* FFBLEScanModelService.swift in Sources */,
				9A3FEFF722B3FC51008D9D0F /* FFItemsViewController.swift in Sources */,
				9A3FF01722B4E318008D9D0F /* FFNavigationController.swift in Sources */,
				9A3FF02322B5D7B2008D9D0F /* FFBLEScanViewController.swift in Sources */,
			);
			runOnlyForDeploymentPostprocessing = 0;
		};
		9A3FEFBF22B3C81C008D9D0F /* Sources */ = {
			isa = PBXSourcesBuildPhase;
			buildActionMask = 2147483647;
			files = (
				9A3FEFC822B3C81C008D9D0F /* FultureFitTests.swift in Sources */,
			);
			runOnlyForDeploymentPostprocessing = 0;
		};
		9A3FEFCA22B3C81C008D9D0F /* Sources */ = {
			isa = PBXSourcesBuildPhase;
			buildActionMask = 2147483647;
			files = (
				9A3FEFD322B3C81C008D9D0F /* FultureFitUITests.swift in Sources */,
			);
			runOnlyForDeploymentPostprocessing = 0;
		};
/* End PBXSourcesBuildPhase section */

/* Begin PBXTargetDependency section */
		9A3FEFC522B3C81C008D9D0F /* PBXTargetDependency */ = {
			isa = PBXTargetDependency;
			target = 9A3FEFAB22B3C81B008D9D0F /* FultureFit */;
			targetProxy = 9A3FEFC422B3C81C008D9D0F /* PBXContainerItemProxy */;
		};
		9A3FEFD022B3C81C008D9D0F /* PBXTargetDependency */ = {
			isa = PBXTargetDependency;
			target = 9A3FEFAB22B3C81B008D9D0F /* FultureFit */;
			targetProxy = 9A3FEFCF22B3C81C008D9D0F /* PBXContainerItemProxy */;
		};
/* End PBXTargetDependency section */

/* Begin PBXVariantGroup section */
		9A3FEFB322B3C81B008D9D0F /* User.storyboard */ = {
			isa = PBXVariantGroup;
			children = (
				9A3FEFB422B3C81B008D9D0F /* Base */,
			);
			name = User.storyboard;
			sourceTree = "<group>";
		};
		9A3FEFBB22B3C81C008D9D0F /* LaunchScreen.storyboard */ = {
			isa = PBXVariantGroup;
			children = (
				9A3FEFBC22B3C81C008D9D0F /* Base */,
			);
			name = LaunchScreen.storyboard;
			sourceTree = "<group>";
		};
		9A3FF00822B48249008D9D0F /* Localizable.strings */ = {
			isa = PBXVariantGroup;
			children = (
				9A3FF00922B48256008D9D0F /* zh-Hans */,
			);
			name = Localizable.strings;
			sourceTree = "<group>";
		};
/* End PBXVariantGroup section */

/* Begin XCBuildConfiguration section */
		9A3FEFD522B3C81C008D9D0F /* Debug */ = {
			isa = XCBuildConfiguration;
			buildSettings = {
				ALWAYS_SEARCH_USER_PATHS = NO;
				CLANG_ANALYZER_LOCALIZABILITY_NONLOCALIZED = YES;
				CLANG_ANALYZER_NONNULL = YES;
				CLANG_ANALYZER_NUMBER_OBJECT_CONVERSION = YES_AGGRESSIVE;
				CLANG_CXX_LANGUAGE_STANDARD = "gnu++14";
				CLANG_CXX_LIBRARY = "libc++";
				CLANG_ENABLE_MODULES = YES;
				CLANG_ENABLE_OBJC_ARC = YES;
				CLANG_ENABLE_OBJC_WEAK = YES;
				CLANG_WARN_BLOCK_CAPTURE_AUTORELEASING = YES;
				CLANG_WARN_BOOL_CONVERSION = YES;
				CLANG_WARN_COMMA = YES;
				CLANG_WARN_CONSTANT_CONVERSION = YES;
				CLANG_WARN_DEPRECATED_OBJC_IMPLEMENTATIONS = YES;
				CLANG_WARN_DIRECT_OBJC_ISA_USAGE = YES_ERROR;
				CLANG_WARN_DOCUMENTATION_COMMENTS = YES;
				CLANG_WARN_EMPTY_BODY = YES;
				CLANG_WARN_ENUM_CONVERSION = YES;
				CLANG_WARN_INFINITE_RECURSION = YES;
				CLANG_WARN_INT_CONVERSION = YES;
				CLANG_WARN_NON_LITERAL_NULL_CONVERSION = YES;
				CLANG_WARN_OBJC_IMPLICIT_RETAIN_SELF = YES;
				CLANG_WARN_OBJC_LITERAL_CONVERSION = YES;
				CLANG_WARN_OBJC_ROOT_CLASS = YES_ERROR;
				CLANG_WARN_RANGE_LOOP_ANALYSIS = YES;
				CLANG_WARN_STRICT_PROTOTYPES = YES;
				CLANG_WARN_SUSPICIOUS_MOVE = YES;
				CLANG_WARN_UNGUARDED_AVAILABILITY = YES_AGGRESSIVE;
				CLANG_WARN_UNREACHABLE_CODE = YES;
				CLANG_WARN__DUPLICATE_METHOD_MATCH = YES;
				CODE_SIGN_IDENTITY = "iPhone Developer";
				COPY_PHASE_STRIP = NO;
				DEBUG_INFORMATION_FORMAT = dwarf;
				ENABLE_STRICT_OBJC_MSGSEND = YES;
				ENABLE_TESTABILITY = YES;
				GCC_C_LANGUAGE_STANDARD = gnu11;
				GCC_DYNAMIC_NO_PIC = NO;
				GCC_NO_COMMON_BLOCKS = YES;
				GCC_OPTIMIZATION_LEVEL = 0;
				GCC_PREPROCESSOR_DEFINITIONS = (
					"DEBUG=1",
					"$(inherited)",
				);
				GCC_WARN_64_TO_32_BIT_CONVERSION = YES;
				GCC_WARN_ABOUT_RETURN_TYPE = YES_ERROR;
				GCC_WARN_UNDECLARED_SELECTOR = YES;
				GCC_WARN_UNINITIALIZED_AUTOS = YES_AGGRESSIVE;
				GCC_WARN_UNUSED_FUNCTION = YES;
				GCC_WARN_UNUSED_VARIABLE = YES;
				IPHONEOS_DEPLOYMENT_TARGET = 10.0;
				MTL_ENABLE_DEBUG_INFO = INCLUDE_SOURCE;
				MTL_FAST_MATH = YES;
				ONLY_ACTIVE_ARCH = YES;
				SDKROOT = iphoneos;
				SWIFT_ACTIVE_COMPILATION_CONDITIONS = DEBUG;
				SWIFT_OPTIMIZATION_LEVEL = "-Onone";
			};
			name = Debug;
		};
		9A3FEFD622B3C81C008D9D0F /* Release */ = {
			isa = XCBuildConfiguration;
			buildSettings = {
				ALWAYS_SEARCH_USER_PATHS = NO;
				CLANG_ANALYZER_LOCALIZABILITY_NONLOCALIZED = YES;
				CLANG_ANALYZER_NONNULL = YES;
				CLANG_ANALYZER_NUMBER_OBJECT_CONVERSION = YES_AGGRESSIVE;
				CLANG_CXX_LANGUAGE_STANDARD = "gnu++14";
				CLANG_CXX_LIBRARY = "libc++";
				CLANG_ENABLE_MODULES = YES;
				CLANG_ENABLE_OBJC_ARC = YES;
				CLANG_ENABLE_OBJC_WEAK = YES;
				CLANG_WARN_BLOCK_CAPTURE_AUTORELEASING = YES;
				CLANG_WARN_BOOL_CONVERSION = YES;
				CLANG_WARN_COMMA = YES;
				CLANG_WARN_CONSTANT_CONVERSION = YES;
				CLANG_WARN_DEPRECATED_OBJC_IMPLEMENTATIONS = YES;
				CLANG_WARN_DIRECT_OBJC_ISA_USAGE = YES_ERROR;
				CLANG_WARN_DOCUMENTATION_COMMENTS = YES;
				CLANG_WARN_EMPTY_BODY = YES;
				CLANG_WARN_ENUM_CONVERSION = YES;
				CLANG_WARN_INFINITE_RECURSION = YES;
				CLANG_WARN_INT_CONVERSION = YES;
				CLANG_WARN_NON_LITERAL_NULL_CONVERSION = YES;
				CLANG_WARN_OBJC_IMPLICIT_RETAIN_SELF = YES;
				CLANG_WARN_OBJC_LITERAL_CONVERSION = YES;
				CLANG_WARN_OBJC_ROOT_CLASS = YES_ERROR;
				CLANG_WARN_RANGE_LOOP_ANALYSIS = YES;
				CLANG_WARN_STRICT_PROTOTYPES = YES;
				CLANG_WARN_SUSPICIOUS_MOVE = YES;
				CLANG_WARN_UNGUARDED_AVAILABILITY = YES_AGGRESSIVE;
				CLANG_WARN_UNREACHABLE_CODE = YES;
				CLANG_WARN__DUPLICATE_METHOD_MATCH = YES;
				CODE_SIGN_IDENTITY = "iPhone Developer";
				COPY_PHASE_STRIP = NO;
				DEBUG_INFORMATION_FORMAT = "dwarf-with-dsym";
				ENABLE_NS_ASSERTIONS = NO;
				ENABLE_STRICT_OBJC_MSGSEND = YES;
				GCC_C_LANGUAGE_STANDARD = gnu11;
				GCC_NO_COMMON_BLOCKS = YES;
				GCC_WARN_64_TO_32_BIT_CONVERSION = YES;
				GCC_WARN_ABOUT_RETURN_TYPE = YES_ERROR;
				GCC_WARN_UNDECLARED_SELECTOR = YES;
				GCC_WARN_UNINITIALIZED_AUTOS = YES_AGGRESSIVE;
				GCC_WARN_UNUSED_FUNCTION = YES;
				GCC_WARN_UNUSED_VARIABLE = YES;
				IPHONEOS_DEPLOYMENT_TARGET = 10.0;
				MTL_ENABLE_DEBUG_INFO = NO;
				MTL_FAST_MATH = YES;
				SDKROOT = iphoneos;
				SWIFT_COMPILATION_MODE = wholemodule;
				SWIFT_OPTIMIZATION_LEVEL = "-O";
				VALIDATE_PRODUCT = YES;
			};
			name = Release;
		};
		9A3FEFD822B3C81C008D9D0F /* Debug */ = {
			isa = XCBuildConfiguration;
			baseConfigurationReference = 37D34FC31F458EB6EA3833EA /* Pods-FultureFit.debug.xcconfig */;
			buildSettings = {
				ASSETCATALOG_COMPILER_APPICON_NAME = AppIcon;
				CODE_SIGN_IDENTITY = "iPhone Developer";
				CODE_SIGN_STYLE = Automatic;
				DEVELOPMENT_TEAM = M756U7F837;
				INFOPLIST_FILE = FultureFit/Info.plist;
				IPHONEOS_DEPLOYMENT_TARGET = 10.0;
				LD_RUNPATH_SEARCH_PATHS = (
					"$(inherited)",
					"@executable_path/Frameworks",
				);
				PRODUCT_BUNDLE_IDENTIFIER = com.sport.FultureFit;
				PRODUCT_NAME = "$(TARGET_NAME)";
				PROVISIONING_PROFILE_SPECIFIER = "";
				SWIFT_VERSION = 5.0;
				TARGETED_DEVICE_FAMILY = 1;
			};
			name = Debug;
		};
		9A3FEFD922B3C81C008D9D0F /* Release */ = {
			isa = XCBuildConfiguration;
			baseConfigurationReference = ADFD948BE9AD1CEE6D49D280 /* Pods-FultureFit.release.xcconfig */;
			buildSettings = {
				ASSETCATALOG_COMPILER_APPICON_NAME = AppIcon;
				CODE_SIGN_IDENTITY = "iPhone Developer";
				CODE_SIGN_STYLE = Automatic;
				DEVELOPMENT_TEAM = M756U7F837;
				INFOPLIST_FILE = FultureFit/Info.plist;
				IPHONEOS_DEPLOYMENT_TARGET = 10.0;
				LD_RUNPATH_SEARCH_PATHS = (
					"$(inherited)",
					"@executable_path/Frameworks",
				);
				PRODUCT_BUNDLE_IDENTIFIER = com.sport.FultureFit;
				PRODUCT_NAME = "$(TARGET_NAME)";
				PROVISIONING_PROFILE_SPECIFIER = "";
				SWIFT_VERSION = 5.0;
				TARGETED_DEVICE_FAMILY = 1;
			};
			name = Release;
		};
		9A3FEFDB22B3C81C008D9D0F /* Debug */ = {
			isa = XCBuildConfiguration;
			buildSettings = {
				ALWAYS_EMBED_SWIFT_STANDARD_LIBRARIES = YES;
				BUNDLE_LOADER = "$(TEST_HOST)";
				CODE_SIGN_STYLE = Automatic;
				DEVELOPMENT_TEAM = BVL93LPC7F;
				INFOPLIST_FILE = FultureFitTests/Info.plist;
				LD_RUNPATH_SEARCH_PATHS = (
					"$(inherited)",
					"@executable_path/Frameworks",
					"@loader_path/Frameworks",
				);
				PRODUCT_BUNDLE_IDENTIFIER = com.anker.FultureFitTests;
				PRODUCT_NAME = "$(TARGET_NAME)";
				SWIFT_VERSION = 5.0;
				TARGETED_DEVICE_FAMILY = "1,2";
				TEST_HOST = "$(BUILT_PRODUCTS_DIR)/FultureFit.app/FultureFit";
			};
			name = Debug;
		};
		9A3FEFDC22B3C81C008D9D0F /* Release */ = {
			isa = XCBuildConfiguration;
			buildSettings = {
				ALWAYS_EMBED_SWIFT_STANDARD_LIBRARIES = YES;
				BUNDLE_LOADER = "$(TEST_HOST)";
				CODE_SIGN_STYLE = Automatic;
				DEVELOPMENT_TEAM = BVL93LPC7F;
				INFOPLIST_FILE = FultureFitTests/Info.plist;
				LD_RUNPATH_SEARCH_PATHS = (
					"$(inherited)",
					"@executable_path/Frameworks",
					"@loader_path/Frameworks",
				);
				PRODUCT_BUNDLE_IDENTIFIER = com.anker.FultureFitTests;
				PRODUCT_NAME = "$(TARGET_NAME)";
				SWIFT_VERSION = 5.0;
				TARGETED_DEVICE_FAMILY = "1,2";
				TEST_HOST = "$(BUILT_PRODUCTS_DIR)/FultureFit.app/FultureFit";
			};
			name = Release;
		};
		9A3FEFDE22B3C81C008D9D0F /* Debug */ = {
			isa = XCBuildConfiguration;
			buildSettings = {
				ALWAYS_EMBED_SWIFT_STANDARD_LIBRARIES = YES;
				CODE_SIGN_STYLE = Automatic;
				DEVELOPMENT_TEAM = BVL93LPC7F;
				INFOPLIST_FILE = FultureFitUITests/Info.plist;
				LD_RUNPATH_SEARCH_PATHS = (
					"$(inherited)",
					"@executable_path/Frameworks",
					"@loader_path/Frameworks",
				);
				PRODUCT_BUNDLE_IDENTIFIER = com.anker.FultureFitUITests;
				PRODUCT_NAME = "$(TARGET_NAME)";
				SWIFT_VERSION = 5.0;
				TARGETED_DEVICE_FAMILY = "1,2";
				TEST_TARGET_NAME = FultureFit;
			};
			name = Debug;
		};
		9A3FEFDF22B3C81C008D9D0F /* Release */ = {
			isa = XCBuildConfiguration;
			buildSettings = {
				ALWAYS_EMBED_SWIFT_STANDARD_LIBRARIES = YES;
				CODE_SIGN_STYLE = Automatic;
				DEVELOPMENT_TEAM = BVL93LPC7F;
				INFOPLIST_FILE = FultureFitUITests/Info.plist;
				LD_RUNPATH_SEARCH_PATHS = (
					"$(inherited)",
					"@executable_path/Frameworks",
					"@loader_path/Frameworks",
				);
				PRODUCT_BUNDLE_IDENTIFIER = com.anker.FultureFitUITests;
				PRODUCT_NAME = "$(TARGET_NAME)";
				SWIFT_VERSION = 5.0;
				TARGETED_DEVICE_FAMILY = "1,2";
				TEST_TARGET_NAME = FultureFit;
			};
			name = Release;
		};
/* End XCBuildConfiguration section */

/* Begin XCConfigurationList section */
		9A3FEFA722B3C81B008D9D0F /* Build configuration list for PBXProject "FultureFit" */ = {
			isa = XCConfigurationList;
			buildConfigurations = (
				9A3FEFD522B3C81C008D9D0F /* Debug */,
				9A3FEFD622B3C81C008D9D0F /* Release */,
			);
			defaultConfigurationIsVisible = 0;
			defaultConfigurationName = Release;
		};
		9A3FEFD722B3C81C008D9D0F /* Build configuration list for PBXNativeTarget "FultureFit" */ = {
			isa = XCConfigurationList;
			buildConfigurations = (
				9A3FEFD822B3C81C008D9D0F /* Debug */,
				9A3FEFD922B3C81C008D9D0F /* Release */,
			);
			defaultConfigurationIsVisible = 0;
			defaultConfigurationName = Release;
		};
		9A3FEFDA22B3C81C008D9D0F /* Build configuration list for PBXNativeTarget "FultureFitTests" */ = {
			isa = XCConfigurationList;
			buildConfigurations = (
				9A3FEFDB22B3C81C008D9D0F /* Debug */,
				9A3FEFDC22B3C81C008D9D0F /* Release */,
			);
			defaultConfigurationIsVisible = 0;
			defaultConfigurationName = Release;
		};
		9A3FEFDD22B3C81C008D9D0F /* Build configuration list for PBXNativeTarget "FultureFitUITests" */ = {
			isa = XCConfigurationList;
			buildConfigurations = (
				9A3FEFDE22B3C81C008D9D0F /* Debug */,
				9A3FEFDF22B3C81C008D9D0F /* Release */,
			);
			defaultConfigurationIsVisible = 0;
			defaultConfigurationName = Release;
		};
/* End XCConfigurationList section */

/* Begin XCVersionGroup section */
		9A3FEFB622B3C81B008D9D0F /* FultureFit.xcdatamodeld */ = {
			isa = XCVersionGroup;
			children = (
				9A3FEFB722B3C81B008D9D0F /* FultureFit.xcdatamodel */,
			);
			currentVersion = 9A3FEFB722B3C81B008D9D0F /* FultureFit.xcdatamodel */;
			path = FultureFit.xcdatamodeld;
			sourceTree = "<group>";
			versionGroupType = wrapper.xcdatamodel;
		};
/* End XCVersionGroup section */
	};
	rootObject = 9A3FEFA422B3C81B008D9D0F /* Project object */;
}
