PODS:
  - Alamofire (4.8.2)
  - R.swift (5.0.3):
    - R.swift.Library (~> 5.0.0)
  - R.swift.Library (5.0.1)
  - Toast-Swift (5.0.0)

DEPENDENCIES:
  - Alamofire
  - R.swift
  - Toast-Swift

SPEC REPOS:
  https://github.com/cocoapods/specs.git:
    - Alamofire
    - R.swift
    - R.swift.Library
    - Toast-Swift

SPEC CHECKSUMS:
  Alamofire: ae5c501addb7afdbb13687d7f2f722c78734c2d3
  R.swift: f5a87643b91ea569d23d6afb3eee9c743edde239
  R.swift.Library: cfe85d569d9bae6cb262922db130e7c3a7a5fad1
  Toast-Swift: 36f4720243c8582c2be243a60a51e193c761f541

PODFILE CHECKSUM: 850b548baa8c2088f2b7f82612531b533509cdaa

COCOAPODS: 1.7.1
