PODS:
  - Alamofire (4.8.2)
  - SnapKit (5.0.0)
  - Then (2.5.0)
  - Toast-Swift (5.0.0)

DEPENDENCIES:
  - Alamofire
  - SnapKit
  - Then
  - Toast-Swift

SPEC REPOS:
  https://github.com/cocoapods/specs.git:
    - Alamofire
    - SnapKit
    - Then
    - Toast-Swift

SPEC CHECKSUMS:
  Alamofire: ae5c501addb7afdbb13687d7f2f722c78734c2d3
  SnapKit: fd22d10eb9aff484d79a8724eab922c1ddf89bcf
  Then: 0157115e883545c77967b452fe74a1d25fb796e1
  Toast-Swift: 36f4720243c8582c2be243a60a51e193c761f541

PODFILE CHECKSUM: 304f9b4002e1b2bff35ce2f7271fda3a530474fc

COCOAPODS: 1.7.2
